// !$*UTF8*$!
{
	archiveVersion = 1;
	classes = {
	};
	objectVersion = 56;
	objects = {

/* Begin PBXBuildFile section */
		0408EA8B2A8E59AA00B35A6B /* OnlineGroceriesApp.swift in Sources */ = {isa = PBXBuildFile; fileRef = 0408EA8A2A8E59AA00B35A6B /* OnlineGroceriesApp.swift */; };
		0408EA902A8E59AA00B35A6B /* OnlineGroceries.xcdatamodeld in Sources */ = {isa = PBXBuildFile; fileRef = 0408EA8E2A8E59AA00B35A6B /* OnlineGroceries.xcdatamodeld */; };
		0408EA982A8E59AC00B35A6B /* Preview Assets.xcassets in Resources */ = {isa = PBXBuildFile; fileRef = 0408EA972A8E59AC00B35A6B /* Preview Assets.xcassets */; };
		0408EAA22A8E59AC00B35A6B /* OnlineGroceriesTests.swift in Sources */ = {isa = PBXBuildFile; fileRef = 0408EAA12A8E59AC00B35A6B /* OnlineGroceriesTests.swift */; };
		0408EAAC2A8E59AC00B35A6B /* OnlineGroceriesUITests.swift in Sources */ = {isa = PBXBuildFile; fileRef = 0408EAAB2A8E59AC00B35A6B /* OnlineGroceriesUITests.swift */; };
		0408EAC12A8E5C1600B35A6B /* Metropolis-ExtraBold.otf in Resources */ = {isa = PBXBuildFile; fileRef = 0408EABC2A8E5C1600B35A6B /* Metropolis-ExtraBold.otf */; };
		0408EAC22A8E5C1600B35A6B /* Metropolis-Medium.otf in Resources */ = {isa = PBXBuildFile; fileRef = 0408EABD2A8E5C1600B35A6B /* Metropolis-Medium.otf */; };
		0408EAC32A8E5C1600B35A6B /* Metropolis-Bold.otf in Resources */ = {isa = PBXBuildFile; fileRef = 0408EABE2A8E5C1600B35A6B /* Metropolis-Bold.otf */; };
		0408EAC42A8E5C1600B35A6B /* Metropolis-SemiBold.otf in Resources */ = {isa = PBXBuildFile; fileRef = 0408EABF2A8E5C1600B35A6B /* Metropolis-SemiBold.otf */; };
		0408EAC52A8E5C1600B35A6B /* Metropolis-Regular.otf in Resources */ = {isa = PBXBuildFile; fileRef = 0408EAC02A8E5C1600B35A6B /* Metropolis-Regular.otf */; };
		0408EACD2A8E7B2700B35A6B /* WelcomeView.swift in Sources */ = {isa = PBXBuildFile; fileRef = 0408EACC2A8E7B2700B35A6B /* WelcomeView.swift */; };
		0408EACF2A8E7C4100B35A6B /* Launch Screen.storyboard in Resources */ = {isa = PBXBuildFile; fileRef = 0408EACE2A8E7C4100B35A6B /* Launch Screen.storyboard */; };
		0408EAD72A8F1DE600B35A6B /* SignInView.swift in Sources */ = {isa = PBXBuildFile; fileRef = 0408EAD62A8F1DE600B35A6B /* SignInView.swift */; };
		046A903A2AD81E7B00AB26C7 /* MainTabView.swift in Sources */ = {isa = PBXBuildFile; fileRef = 046A90392AD81E7B00AB26C7 /* MainTabView.swift */; };
		046A903F2AD84DE300AB26C7 /* ProductModel.swift in Sources */ = {isa = PBXBuildFile; fileRef = 046A903E2AD84DE300AB26C7 /* ProductModel.swift */; };
		046A90412AD85E3800AB26C7 /* TypeModel.swift in Sources */ = {isa = PBXBuildFile; fileRef = 046A90402AD85E3700AB26C7 /* TypeModel.swift */; };
		046A90432AD8623300AB26C7 /* PromoCodeModel.swift in Sources */ = {isa = PBXBuildFile; fileRef = 046A90422AD8623300AB26C7 /* PromoCodeModel.swift */; };
		046A90452AD86E2500AB26C7 /* PaymentModel.swift in Sources */ = {isa = PBXBuildFile; fileRef = 046A90442AD86E2500AB26C7 /* PaymentModel.swift */; };
		046A90472AD872C000AB26C7 /* OrderItemModel.swift in Sources */ = {isa = PBXBuildFile; fileRef = 046A90462AD872C000AB26C7 /* OrderItemModel.swift */; };
		046A90492AD87D9000AB26C7 /* MyOrderModel.swift in Sources */ = {isa = PBXBuildFile; fileRef = 046A90482AD87D8F00AB26C7 /* MyOrderModel.swift */; };
		046A904B2AD8B9AA00AB26C7 /* NutritionModel.swift in Sources */ = {isa = PBXBuildFile; fileRef = 046A904A2AD8B9AA00AB26C7 /* NutritionModel.swift */; };
		046A904D2AD8BCAF00AB26C7 /* NotificationModel.swift in Sources */ = {isa = PBXBuildFile; fileRef = 046A904C2AD8BCAF00AB26C7 /* NotificationModel.swift */; };
		046A904F2AD8C11E00AB26C7 /* ExploreCategoryModel.swift in Sources */ = {isa = PBXBuildFile; fileRef = 046A904E2AD8C11E00AB26C7 /* ExploreCategoryModel.swift */; };
		046A90512AD8C55900AB26C7 /* ImageModel.swift in Sources */ = {isa = PBXBuildFile; fileRef = 046A90502AD8C55900AB26C7 /* ImageModel.swift */; };
		046A90532AD8C7E300AB26C7 /* OTPView.swift in Sources */ = {isa = PBXBuildFile; fileRef = 046A90522AD8C7E300AB26C7 /* OTPView.swift */; };
		046A90552AD8C8A700AB26C7 /* ForgotPasswordView.swift in Sources */ = {isa = PBXBuildFile; fileRef = 046A90542AD8C8A700AB26C7 /* ForgotPasswordView.swift */; };
		046A90572AD8C8D500AB26C7 /* ForgotPasswordSetView.swift in Sources */ = {isa = PBXBuildFile; fileRef = 046A90562AD8C8D500AB26C7 /* ForgotPasswordSetView.swift */; };
		046A905F2ADAD13D00AB26C7 /* CartItemModel.swift in Sources */ = {isa = PBXBuildFile; fileRef = 046A905E2ADAD13D00AB26C7 /* CartItemModel.swift */; };
		046A90612ADAE6D300AB26C7 /* AddressModel.swift in Sources */ = {isa = PBXBuildFile; fileRef = 046A90602ADAE6D300AB26C7 /* AddressModel.swift */; };
		046A90642ADB281600AB26C7 /* AccountView.swift in Sources */ = {isa = PBXBuildFile; fileRef = 046A90632ADB281600AB26C7 /* AccountView.swift */; };
		049759D42AD4CE1000BA757B /* SignUpView.swift in Sources */ = {isa = PBXBuildFile; fileRef = 049759D32AD4CE1000BA757B /* SignUpView.swift */; };
		04AB452C2AD6FAF300F366DF /* UserModel.swift in Sources */ = {isa = PBXBuildFile; fileRef = 04AB452B2AD6FAF300F366DF /* UserModel.swift */; };
		04AFAAFE2A8FC30D000F802D /* CountryPicker in Frameworks */ = {isa = PBXBuildFile; productRef = 04AFAAFD2A8FC30D000F802D /* CountryPicker */; };
		04AFAB042A8FFAE0000F802D /* LoginView.swift in Sources */ = {isa = PBXBuildFile; fileRef = 04AFAB032A8FFAE0000F802D /* LoginView.swift */; };
		04AFAB0F2A91A90A000F802D /* UIKitExtension.swift in Sources */ = {isa = PBXBuildFile; fileRef = 04AFAB0E2A91A90A000F802D /* UIKitExtension.swift */; };
		BE4A253F2B2767C2001D9DE8 /* groceries.sql in Resources */ = {isa = PBXBuildFile; fileRef = BE4A253E2B2767C2001D9DE8 /* groceries.sql */; };
		BEC6F3CA2B3F823B00E34639 /* ChangePasswordView.swift in Sources */ = {isa = PBXBuildFile; fileRef = BEC6F3C02B3F823A00E34639 /* ChangePasswordView.swift */; };
		BEC6F3CB2B3F823B00E34639 /* MyOrdersView.swift in Sources */ = {isa = PBXBuildFile; fileRef = BEC6F3C12B3F823A00E34639 /* MyOrdersView.swift */; };
		BEC6F3CC2B3F823B00E34639 /* AddPaymentMethodView.swift in Sources */ = {isa = PBXBuildFile; fileRef = BEC6F3C22B3F823B00E34639 /* AddPaymentMethodView.swift */; };
		BEC6F3CD2B3F823B00E34639 /* MyDetailsView.swift in Sources */ = {isa = PBXBuildFile; fileRef = BEC6F3C32B3F823B00E34639 /* MyDetailsView.swift */; };
		BEC6F3CE2B3F823B00E34639 /* NotificationView.swift in Sources */ = {isa = PBXBuildFile; fileRef = BEC6F3C42B3F823B00E34639 /* NotificationView.swift */; };
		BEC6F3CF2B3F823B00E34639 /* PromoCodeView.swift in Sources */ = {isa = PBXBuildFile; fileRef = BEC6F3C52B3F823B00E34639 /* PromoCodeView.swift */; };
		BEC6F3D02B3F823B00E34639 /* MyOrdersDetailView.swift in Sources */ = {isa = PBXBuildFile; fileRef = BEC6F3C62B3F823B00E34639 /* MyOrdersDetailView.swift */; };
		BEC6F3D12B3F823B00E34639 /* AddDeliveryAddressView.swift in Sources */ = {isa = PBXBuildFile; fileRef = BEC6F3C72B3F823B00E34639 /* AddDeliveryAddressView.swift */; };
		BEC6F3D22B3F823B00E34639 /* PaymentMethodsView.swift in Sources */ = {isa = PBXBuildFile; fileRef = BEC6F3C82B3F823B00E34639 /* PaymentMethodsView.swift */; };
		BEC6F3D32B3F823B00E34639 /* DeliveryAddressView.swift in Sources */ = {isa = PBXBuildFile; fileRef = BEC6F3C92B3F823B00E34639 /* DeliveryAddressView.swift */; };
		BEC6F3D52B3F827300E34639 /* Cart in Resources */ = {isa = PBXBuildFile; fileRef = BEC6F3D42B3F827300E34639 /* Cart */; };
		BEC6F3DC2B3F82C700E34639 /* Favourite in Resources */ = {isa = PBXBuildFile; fileRef = BEC6F3DB2B3F82C700E34639 /* Favourite */; };
		BEC6F3EC2B3F833B00E34639 /* DeliveryAddressViewModel.swift in Sources */ = {isa = PBXBuildFile; fileRef = BEC6F3DD2B3F833B00E34639 /* DeliveryAddressViewModel.swift */; };
		BEC6F3ED2B3F833B00E34639 /* ExploreItemViewModel.swift in Sources */ = {isa = PBXBuildFile; fileRef = BEC6F3DE2B3F833B00E34639 /* ExploreItemViewModel.swift */; };
		BEC6F3EE2B3F833B00E34639 /* MyDetailsViewModel.swift in Sources */ = {isa = PBXBuildFile; fileRef = BEC6F3DF2B3F833B00E34639 /* MyDetailsViewModel.swift */; };
		BEC6F3EF2B3F833B00E34639 /* FavouriteViewModel.swift in Sources */ = {isa = PBXBuildFile; fileRef = BEC6F3E02B3F833B00E34639 /* FavouriteViewModel.swift */; };
		BEC6F3F02B3F833B00E34639 /* MyOrdersViewModel.swift in Sources */ = {isa = PBXBuildFile; fileRef = BEC6F3E12B3F833B00E34639 /* MyOrdersViewModel.swift */; };
		BEC6F3F12B3F833B00E34639 /* PromoCodeViewModel.swift in Sources */ = {isa = PBXBuildFile; fileRef = BEC6F3E22B3F833B00E34639 /* PromoCodeViewModel.swift */; };
		BEC6F3F22B3F833B00E34639 /* MainViewModel.swift in Sources */ = {isa = PBXBuildFile; fileRef = BEC6F3E32B3F833B00E34639 /* MainViewModel.swift */; };
		BEC6F3F32B3F833B00E34639 /* HomeViewModel.swift in Sources */ = {isa = PBXBuildFile; fileRef = BEC6F3E42B3F833B00E34639 /* HomeViewModel.swift */; };
		BEC6F3F42B3F833B00E34639 /* PaymentViewModel.swift in Sources */ = {isa = PBXBuildFile; fileRef = BEC6F3E52B3F833B00E34639 /* PaymentViewModel.swift */; };
		BEC6F3F52B3F833B00E34639 /* CartViewModel.swift in Sources */ = {isa = PBXBuildFile; fileRef = BEC6F3E62B3F833B00E34639 /* CartViewModel.swift */; };
		BEC6F3F62B3F833B00E34639 /* ForgotPasswordViewModel.swift in Sources */ = {isa = PBXBuildFile; fileRef = BEC6F3E72B3F833B00E34639 /* ForgotPasswordViewModel.swift */; };
		BEC6F3F72B3F833B00E34639 /* MyOrderDetailViewModel.swift in Sources */ = {isa = PBXBuildFile; fileRef = BEC6F3E82B3F833B00E34639 /* MyOrderDetailViewModel.swift */; };
		BEC6F3F82B3F833B00E34639 /* ProductDetailViewModel.swift in Sources */ = {isa = PBXBuildFile; fileRef = BEC6F3E92B3F833B00E34639 /* ProductDetailViewModel.swift */; };
		BEC6F3F92B3F833B00E34639 /* ExploreViewModel.swift in Sources */ = {isa = PBXBuildFile; fileRef = BEC6F3EA2B3F833B00E34639 /* ExploreViewModel.swift */; };
		BEC6F3FA2B3F833B00E34639 /* NotificationViewModel.swift in Sources */ = {isa = PBXBuildFile; fileRef = BEC6F3EB2B3F833B00E34639 /* NotificationViewModel.swift */; };
		BEC6F3FD2B3F83B700E34639 /* SDWebImageSwiftUI in Frameworks */ = {isa = PBXBuildFile; productRef = BEC6F3FC2B3F83B700E34639 /* SDWebImageSwiftUI */; };
		BEC6F40E2B3FAACC00E34639 /* LineTextField.swift in Sources */ = {isa = PBXBuildFile; fileRef = BEC6F3FE2B3FAACB00E34639 /* LineTextField.swift */; };
		BEC6F40F2B3FAACC00E34639 /* OrderItemRow.swift in Sources */ = {isa = PBXBuildFile; fileRef = BEC6F3FF2B3FAACB00E34639 /* OrderItemRow.swift */; };
		BEC6F4102B3FAACC00E34639 /* ProductCell.swift in Sources */ = {isa = PBXBuildFile; fileRef = BEC6F4002B3FAACB00E34639 /* ProductCell.swift */; };
		BEC6F4112B3FAACC00E34639 /* CartItemRow.swift in Sources */ = {isa = PBXBuildFile; fileRef = BEC6F4012B3FAACB00E34639 /* CartItemRow.swift */; };
		BEC6F4122B3FAACC00E34639 /* CountryPickerUI.swift in Sources */ = {isa = PBXBuildFile; fileRef = BEC6F4022B3FAACB00E34639 /* CountryPickerUI.swift */; };
		BEC6F4132B3FAACC00E34639 /* ExploreCategoryCell.swift in Sources */ = {isa = PBXBuildFile; fileRef = BEC6F4032B3FAACB00E34639 /* ExploreCategoryCell.swift */; };
		BEC6F4142B3FAACC00E34639 /* TabButton.swift in Sources */ = {isa = PBXBuildFile; fileRef = BEC6F4042B3FAACC00E34639 /* TabButton.swift */; };
		BEC6F4152B3FAACC00E34639 /* ServiceCall.swift in Sources */ = {isa = PBXBuildFile; fileRef = BEC6F4052B3FAACC00E34639 /* ServiceCall.swift */; };
		BEC6F4162B3FAACC00E34639 /* UIExtension.swift in Sources */ = {isa = PBXBuildFile; fileRef = BEC6F4062B3FAACC00E34639 /* UIExtension.swift */; };
		BEC6F4172B3FAACC00E34639 /* CategoryCell.swift in Sources */ = {isa = PBXBuildFile; fileRef = BEC6F4072B3FAACC00E34639 /* CategoryCell.swift */; };
		BEC6F4182B3FAACC00E34639 /* SearchTextField.swift in Sources */ = {isa = PBXBuildFile; fileRef = BEC6F4082B3FAACC00E34639 /* SearchTextField.swift */; };
		BEC6F4192B3FAACC00E34639 /* AccountRow.swift in Sources */ = {isa = PBXBuildFile; fileRef = BEC6F4092B3FAACC00E34639 /* AccountRow.swift */; };
		BEC6F41A2B3FAACC00E34639 /* SectionTitleAll.swift in Sources */ = {isa = PBXBuildFile; fileRef = BEC6F40A2B3FAACC00E34639 /* SectionTitleAll.swift */; };
		BEC6F41B2B3FAACC00E34639 /* Globs.swift in Sources */ = {isa = PBXBuildFile; fileRef = BEC6F40B2B3FAACC00E34639 /* Globs.swift */; };
		BEC6F41C2B3FAACC00E34639 /* FavouriteRow.swift in Sources */ = {isa = PBXBuildFile; fileRef = BEC6F40C2B3FAACC00E34639 /* FavouriteRow.swift */; };
		BEC6F41D2B3FAACC00E34639 /* RoundButton.swift in Sources */ = {isa = PBXBuildFile; fileRef = BEC6F40D2B3FAACC00E34639 /* RoundButton.swift */; };
		BEC6F4252B3FCAFC00E34639 /* ProductDetailView.swift in Sources */ = {isa = PBXBuildFile; fileRef = BEC6F4232B3FCAFC00E34639 /* ProductDetailView.swift */; };
		BEC6F4262B3FCAFC00E34639 /* HomeView.swift in Sources */ = {isa = PBXBuildFile; fileRef = BEC6F4242B3FCAFC00E34639 /* HomeView.swift */; };
		BEC6F4282B4E44DD00E34639 /* Assets.xcassets in Resources */ = {isa = PBXBuildFile; fileRef = BEC6F4272B4E44DD00E34639 /* Assets.xcassets */; };
/* End PBXBuildFile section */

/* Begin PBXContainerItemProxy section */
		0408EA9E2A8E59AC00B35A6B /* PBXContainerItemProxy */ = {
			isa = PBXContainerItemProxy;
			containerPortal = 0408EA7F2A8E59AA00B35A6B /* Project object */;
			proxyType = 1;
			remoteGlobalIDString = 0408EA862A8E59AA00B35A6B;
			remoteInfo = OnlineGroceries;
		};
		0408EAA82A8E59AC00B35A6B /* PBXContainerItemProxy */ = {
			isa = PBXContainerItemProxy;
			containerPortal = 0408EA7F2A8E59AA00B35A6B /* Project object */;
			proxyType = 1;
			remoteGlobalIDString = 0408EA862A8E59AA00B35A6B;
			remoteInfo = OnlineGroceries;
		};
/* End PBXContainerItemProxy section */

/* Begin PBXFileReference section */
		0408EA872A8E59AA00B35A6B /* OnlineGroceries.app */ = {isa = PBXFileReference; explicitFileType = wrapper.application; includeInIndex = 0; path = OnlineGroceries.app; sourceTree = BUILT_PRODUCTS_DIR; };
		0408EA8A2A8E59AA00B35A6B /* OnlineGroceriesApp.swift */ = {isa = PBXFileReference; lastKnownFileType = sourcecode.swift; path = OnlineGroceriesApp.swift; sourceTree = "<group>"; };
		0408EA8F2A8E59AA00B35A6B /* OnlineGroceries.xcdatamodel */ = {isa = PBXFileReference; lastKnownFileType = wrapper.xcdatamodel; path = OnlineGroceries.xcdatamodel; sourceTree = "<group>"; };
		0408EA952A8E59AC00B35A6B /* OnlineGroceries.entitlements */ = {isa = PBXFileReference; lastKnownFileType = text.plist.entitlements; path = OnlineGroceries.entitlements; sourceTree = "<group>"; };
		0408EA972A8E59AC00B35A6B /* Preview Assets.xcassets */ = {isa = PBXFileReference; lastKnownFileType = folder.assetcatalog; path = "Preview Assets.xcassets"; sourceTree = "<group>"; };
		0408EA9D2A8E59AC00B35A6B /* OnlineGroceriesTests.xctest */ = {isa = PBXFileReference; explicitFileType = wrapper.cfbundle; includeInIndex = 0; path = OnlineGroceriesTests.xctest; sourceTree = BUILT_PRODUCTS_DIR; };
		0408EAA12A8E59AC00B35A6B /* OnlineGroceriesTests.swift */ = {isa = PBXFileReference; lastKnownFileType = sourcecode.swift; path = OnlineGroceriesTests.swift; sourceTree = "<group>"; };
		0408EAA72A8E59AC00B35A6B /* OnlineGroceriesUITests.xctest */ = {isa = PBXFileReference; explicitFileType = wrapper.cfbundle; includeInIndex = 0; path = OnlineGroceriesUITests.xctest; sourceTree = BUILT_PRODUCTS_DIR; };
		0408EAAB2A8E59AC00B35A6B /* OnlineGroceriesUITests.swift */ = {isa = PBXFileReference; lastKnownFileType = sourcecode.swift; path = OnlineGroceriesUITests.swift; sourceTree = "<group>"; };
		0408EAAD2A8E59AC00B35A6B /* OnlineGroceriesUITestsLaunchTests.swift */ = {isa = PBXFileReference; lastKnownFileType = sourcecode.swift; path = OnlineGroceriesUITestsLaunchTests.swift; sourceTree = "<group>"; };
		0408EABC2A8E5C1600B35A6B /* Metropolis-ExtraBold.otf */ = {isa = PBXFileReference; lastKnownFileType = file; path = "Metropolis-ExtraBold.otf"; sourceTree = "<group>"; };
		0408EABD2A8E5C1600B35A6B /* Metropolis-Medium.otf */ = {isa = PBXFileReference; lastKnownFileType = file; path = "Metropolis-Medium.otf"; sourceTree = "<group>"; };
		0408EABE2A8E5C1600B35A6B /* Metropolis-Bold.otf */ = {isa = PBXFileReference; lastKnownFileType = file; path = "Metropolis-Bold.otf"; sourceTree = "<group>"; };
		0408EABF2A8E5C1600B35A6B /* Metropolis-SemiBold.otf */ = {isa = PBXFileReference; lastKnownFileType = file; path = "Metropolis-SemiBold.otf"; sourceTree = "<group>"; };
		0408EAC02A8E5C1600B35A6B /* Metropolis-Regular.otf */ = {isa = PBXFileReference; lastKnownFileType = file; path = "Metropolis-Regular.otf"; sourceTree = "<group>"; };
		0408EAC62A8E5E9700B35A6B /* Info.plist */ = {isa = PBXFileReference; lastKnownFileType = text.plist; path = Info.plist; sourceTree = "<group>"; };
		0408EACC2A8E7B2700B35A6B /* WelcomeView.swift */ = {isa = PBXFileReference; lastKnownFileType = sourcecode.swift; path = WelcomeView.swift; sourceTree = "<group>"; };
		0408EACE2A8E7C4100B35A6B /* Launch Screen.storyboard */ = {isa = PBXFileReference; lastKnownFileType = file.storyboard; path = "Launch Screen.storyboard"; sourceTree = "<group>"; };
		0408EAD62A8F1DE600B35A6B /* SignInView.swift */ = {isa = PBXFileReference; lastKnownFileType = sourcecode.swift; path = SignInView.swift; sourceTree = "<group>"; };
		046A90392AD81E7B00AB26C7 /* MainTabView.swift */ = {isa = PBXFileReference; lastKnownFileType = sourcecode.swift; path = MainTabView.swift; sourceTree = "<group>"; };
		046A903E2AD84DE300AB26C7 /* ProductModel.swift */ = {isa = PBXFileReference; lastKnownFileType = sourcecode.swift; path = ProductModel.swift; sourceTree = "<group>"; };
		046A90402AD85E3700AB26C7 /* TypeModel.swift */ = {isa = PBXFileReference; lastKnownFileType = sourcecode.swift; path = TypeModel.swift; sourceTree = "<group>"; };
		046A90422AD8623300AB26C7 /* PromoCodeModel.swift */ = {isa = PBXFileReference; lastKnownFileType = sourcecode.swift; path = PromoCodeModel.swift; sourceTree = "<group>"; };
		046A90442AD86E2500AB26C7 /* PaymentModel.swift */ = {isa = PBXFileReference; lastKnownFileType = sourcecode.swift; path = PaymentModel.swift; sourceTree = "<group>"; };
		046A90462AD872C000AB26C7 /* OrderItemModel.swift */ = {isa = PBXFileReference; lastKnownFileType = sourcecode.swift; path = OrderItemModel.swift; sourceTree = "<group>"; };
		046A90482AD87D8F00AB26C7 /* MyOrderModel.swift */ = {isa = PBXFileReference; lastKnownFileType = sourcecode.swift; path = MyOrderModel.swift; sourceTree = "<group>"; };
		046A904A2AD8B9AA00AB26C7 /* NutritionModel.swift */ = {isa = PBXFileReference; lastKnownFileType = sourcecode.swift; path = NutritionModel.swift; sourceTree = "<group>"; };
		046A904C2AD8BCAF00AB26C7 /* NotificationModel.swift */ = {isa = PBXFileReference; lastKnownFileType = sourcecode.swift; path = NotificationModel.swift; sourceTree = "<group>"; };
		046A904E2AD8C11E00AB26C7 /* ExploreCategoryModel.swift */ = {isa = PBXFileReference; lastKnownFileType = sourcecode.swift; path = ExploreCategoryModel.swift; sourceTree = "<group>"; };
		046A90502AD8C55900AB26C7 /* ImageModel.swift */ = {isa = PBXFileReference; lastKnownFileType = sourcecode.swift; path = ImageModel.swift; sourceTree = "<group>"; };
		046A90522AD8C7E300AB26C7 /* OTPView.swift */ = {isa = PBXFileReference; lastKnownFileType = sourcecode.swift; path = OTPView.swift; sourceTree = "<group>"; };
		046A90542AD8C8A700AB26C7 /* ForgotPasswordView.swift */ = {isa = PBXFileReference; lastKnownFileType = sourcecode.swift; path = ForgotPasswordView.swift; sourceTree = "<group>"; };
		046A90562AD8C8D500AB26C7 /* ForgotPasswordSetView.swift */ = {isa = PBXFileReference; lastKnownFileType = sourcecode.swift; path = ForgotPasswordSetView.swift; sourceTree = "<group>"; };
		046A905E2ADAD13D00AB26C7 /* CartItemModel.swift */ = {isa = PBXFileReference; lastKnownFileType = sourcecode.swift; path = CartItemModel.swift; sourceTree = "<group>"; };
		046A90602ADAE6D300AB26C7 /* AddressModel.swift */ = {isa = PBXFileReference; lastKnownFileType = sourcecode.swift; path = AddressModel.swift; sourceTree = "<group>"; };
		046A90632ADB281600AB26C7 /* AccountView.swift */ = {isa = PBXFileReference; lastKnownFileType = sourcecode.swift; path = AccountView.swift; sourceTree = "<group>"; };
		049759D32AD4CE1000BA757B /* SignUpView.swift */ = {isa = PBXFileReference; lastKnownFileType = sourcecode.swift; path = SignUpView.swift; sourceTree = "<group>"; };
		04AB452B2AD6FAF300F366DF /* UserModel.swift */ = {isa = PBXFileReference; lastKnownFileType = sourcecode.swift; path = UserModel.swift; sourceTree = "<group>"; };
		04AFAB032A8FFAE0000F802D /* LoginView.swift */ = {isa = PBXFileReference; lastKnownFileType = sourcecode.swift; path = LoginView.swift; sourceTree = "<group>"; };
		04AFAB0E2A91A90A000F802D /* UIKitExtension.swift */ = {isa = PBXFileReference; lastKnownFileType = sourcecode.swift; path = UIKitExtension.swift; sourceTree = "<group>"; };
		BE4A253E2B2767C2001D9DE8 /* groceries.sql */ = {isa = PBXFileReference; fileEncoding = 4; lastKnownFileType = text; name = groceries.sql; path = ../../../Downloads/groceries.sql; sourceTree = "<group>"; };
		BEC6F3C02B3F823A00E34639 /* ChangePasswordView.swift */ = {isa = PBXFileReference; fileEncoding = 4; lastKnownFileType = sourcecode.swift; name = ChangePasswordView.swift; path = "../../../../Online_Groceries_Shop_App_with_MVVM_in_SwiftUI-main/OnlineGroceriesSwiftUI/View/Account/ChangePasswordView.swift"; sourceTree = "<group>"; };
		BEC6F3C12B3F823A00E34639 /* MyOrdersView.swift */ = {isa = PBXFileReference; fileEncoding = 4; lastKnownFileType = sourcecode.swift; name = MyOrdersView.swift; path = "../../../../Online_Groceries_Shop_App_with_MVVM_in_SwiftUI-main/OnlineGroceriesSwiftUI/View/Account/MyOrdersView.swift"; sourceTree = "<group>"; };
		BEC6F3C22B3F823B00E34639 /* AddPaymentMethodView.swift */ = {isa = PBXFileReference; fileEncoding = 4; lastKnownFileType = sourcecode.swift; name = AddPaymentMethodView.swift; path = "../../../../Online_Groceries_Shop_App_with_MVVM_in_SwiftUI-main/OnlineGroceriesSwiftUI/View/Account/AddPaymentMethodView.swift"; sourceTree = "<group>"; };
		BEC6F3C32B3F823B00E34639 /* MyDetailsView.swift */ = {isa = PBXFileReference; fileEncoding = 4; lastKnownFileType = sourcecode.swift; name = MyDetailsView.swift; path = "../../../../Online_Groceries_Shop_App_with_MVVM_in_SwiftUI-main/OnlineGroceriesSwiftUI/View/Account/MyDetailsView.swift"; sourceTree = "<group>"; };
		BEC6F3C42B3F823B00E34639 /* NotificationView.swift */ = {isa = PBXFileReference; fileEncoding = 4; lastKnownFileType = sourcecode.swift; name = NotificationView.swift; path = "../../../../Online_Groceries_Shop_App_with_MVVM_in_SwiftUI-main/OnlineGroceriesSwiftUI/View/Account/NotificationView.swift"; sourceTree = "<group>"; };
		BEC6F3C52B3F823B00E34639 /* PromoCodeView.swift */ = {isa = PBXFileReference; fileEncoding = 4; lastKnownFileType = sourcecode.swift; name = PromoCodeView.swift; path = "../../../../Online_Groceries_Shop_App_with_MVVM_in_SwiftUI-main/OnlineGroceriesSwiftUI/View/Account/PromoCodeView.swift"; sourceTree = "<group>"; };
		BEC6F3C62B3F823B00E34639 /* MyOrdersDetailView.swift */ = {isa = PBXFileReference; fileEncoding = 4; lastKnownFileType = sourcecode.swift; name = MyOrdersDetailView.swift; path = "../../../../Online_Groceries_Shop_App_with_MVVM_in_SwiftUI-main/OnlineGroceriesSwiftUI/View/Account/MyOrdersDetailView.swift"; sourceTree = "<group>"; };
		BEC6F3C72B3F823B00E34639 /* AddDeliveryAddressView.swift */ = {isa = PBXFileReference; fileEncoding = 4; lastKnownFileType = sourcecode.swift; name = AddDeliveryAddressView.swift; path = "../../../../OnlineGroceries-main/OnlineGroceries/View/Account/AddDeliveryAddressView.swift"; sourceTree = "<group>"; };
		BEC6F3C82B3F823B00E34639 /* PaymentMethodsView.swift */ = {isa = PBXFileReference; fileEncoding = 4; lastKnownFileType = sourcecode.swift; name = PaymentMethodsView.swift; path = "../../../../Online_Groceries_Shop_App_with_MVVM_in_SwiftUI-main/OnlineGroceriesSwiftUI/View/Account/PaymentMethodsView.swift"; sourceTree = "<group>"; };
		BEC6F3C92B3F823B00E34639 /* DeliveryAddressView.swift */ = {isa = PBXFileReference; fileEncoding = 4; lastKnownFileType = sourcecode.swift; name = DeliveryAddressView.swift; path = "../../../../OnlineGroceries-main/OnlineGroceries/View/Account/DeliveryAddressView.swift"; sourceTree = "<group>"; };
		BEC6F3D42B3F827300E34639 /* Cart */ = {isa = PBXFileReference; lastKnownFileType = folder; name = Cart; path = "../../../OnlineGroceries-main/OnlineGroceries/View/Cart"; sourceTree = "<group>"; };
		BEC6F3DB2B3F82C700E34639 /* Favourite */ = {isa = PBXFileReference; lastKnownFileType = folder; name = Favourite; path = "../../../OnlineGroceries-main/OnlineGroceries/View/Favourite"; sourceTree = "<group>"; };
		BEC6F3DD2B3F833B00E34639 /* DeliveryAddressViewModel.swift */ = {isa = PBXFileReference; fileEncoding = 4; lastKnownFileType = sourcecode.swift; name = DeliveryAddressViewModel.swift; path = "../../../Online_Groceries_Shop_App_with_MVVM_in_SwiftUI-main/OnlineGroceriesSwiftUI/ViewModel/DeliveryAddressViewModel.swift"; sourceTree = "<group>"; };
		BEC6F3DE2B3F833B00E34639 /* ExploreItemViewModel.swift */ = {isa = PBXFileReference; fileEncoding = 4; lastKnownFileType = sourcecode.swift; name = ExploreItemViewModel.swift; path = "../../../Online_Groceries_Shop_App_with_MVVM_in_SwiftUI-main/OnlineGroceriesSwiftUI/ViewModel/ExploreItemViewModel.swift"; sourceTree = "<group>"; };
		BEC6F3DF2B3F833B00E34639 /* MyDetailsViewModel.swift */ = {isa = PBXFileReference; fileEncoding = 4; lastKnownFileType = sourcecode.swift; name = MyDetailsViewModel.swift; path = "../../../Online_Groceries_Shop_App_with_MVVM_in_SwiftUI-main/OnlineGroceriesSwiftUI/ViewModel/MyDetailsViewModel.swift"; sourceTree = "<group>"; };
		BEC6F3E02B3F833B00E34639 /* FavouriteViewModel.swift */ = {isa = PBXFileReference; fileEncoding = 4; lastKnownFileType = sourcecode.swift; name = FavouriteViewModel.swift; path = "../../../Online_Groceries_Shop_App_with_MVVM_in_SwiftUI-main/OnlineGroceriesSwiftUI/ViewModel/FavouriteViewModel.swift"; sourceTree = "<group>"; };
		BEC6F3E12B3F833B00E34639 /* MyOrdersViewModel.swift */ = {isa = PBXFileReference; fileEncoding = 4; lastKnownFileType = sourcecode.swift; name = MyOrdersViewModel.swift; path = "../../../Online_Groceries_Shop_App_with_MVVM_in_SwiftUI-main/OnlineGroceriesSwiftUI/ViewModel/MyOrdersViewModel.swift"; sourceTree = "<group>"; };
		BEC6F3E22B3F833B00E34639 /* PromoCodeViewModel.swift */ = {isa = PBXFileReference; fileEncoding = 4; lastKnownFileType = sourcecode.swift; name = PromoCodeViewModel.swift; path = "../../../Online_Groceries_Shop_App_with_MVVM_in_SwiftUI-main/OnlineGroceriesSwiftUI/ViewModel/PromoCodeViewModel.swift"; sourceTree = "<group>"; };
		BEC6F3E32B3F833B00E34639 /* MainViewModel.swift */ = {isa = PBXFileReference; fileEncoding = 4; lastKnownFileType = sourcecode.swift; name = MainViewModel.swift; path = "../../../Online_Groceries_Shop_App_with_MVVM_in_SwiftUI-main/OnlineGroceriesSwiftUI/ViewModel/MainViewModel.swift"; sourceTree = "<group>"; };
		BEC6F3E42B3F833B00E34639 /* HomeViewModel.swift */ = {isa = PBXFileReference; fileEncoding = 4; lastKnownFileType = sourcecode.swift; name = HomeViewModel.swift; path = "../../../Online_Groceries_Shop_App_with_MVVM_in_SwiftUI-main/OnlineGroceriesSwiftUI/ViewModel/HomeViewModel.swift"; sourceTree = "<group>"; };
		BEC6F3E52B3F833B00E34639 /* PaymentViewModel.swift */ = {isa = PBXFileReference; fileEncoding = 4; lastKnownFileType = sourcecode.swift; name = PaymentViewModel.swift; path = "../../../Online_Groceries_Shop_App_with_MVVM_in_SwiftUI-main/OnlineGroceriesSwiftUI/ViewModel/PaymentViewModel.swift"; sourceTree = "<group>"; };
		BEC6F3E62B3F833B00E34639 /* CartViewModel.swift */ = {isa = PBXFileReference; fileEncoding = 4; lastKnownFileType = sourcecode.swift; name = CartViewModel.swift; path = "../../../Online_Groceries_Shop_App_with_MVVM_in_SwiftUI-main/OnlineGroceriesSwiftUI/ViewModel/CartViewModel.swift"; sourceTree = "<group>"; };
		BEC6F3E72B3F833B00E34639 /* ForgotPasswordViewModel.swift */ = {isa = PBXFileReference; fileEncoding = 4; lastKnownFileType = sourcecode.swift; name = ForgotPasswordViewModel.swift; path = "../../../Online_Groceries_Shop_App_with_MVVM_in_SwiftUI-main/OnlineGroceriesSwiftUI/ViewModel/ForgotPasswordViewModel.swift"; sourceTree = "<group>"; };
		BEC6F3E82B3F833B00E34639 /* MyOrderDetailViewModel.swift */ = {isa = PBXFileReference; fileEncoding = 4; lastKnownFileType = sourcecode.swift; name = MyOrderDetailViewModel.swift; path = "../../../Online_Groceries_Shop_App_with_MVVM_in_SwiftUI-main/OnlineGroceriesSwiftUI/ViewModel/MyOrderDetailViewModel.swift"; sourceTree = "<group>"; };
		BEC6F3E92B3F833B00E34639 /* ProductDetailViewModel.swift */ = {isa = PBXFileReference; fileEncoding = 4; lastKnownFileType = sourcecode.swift; name = ProductDetailViewModel.swift; path = "../../../Online_Groceries_Shop_App_with_MVVM_in_SwiftUI-main/OnlineGroceriesSwiftUI/ViewModel/ProductDetailViewModel.swift"; sourceTree = "<group>"; };
		BEC6F3EA2B3F833B00E34639 /* ExploreViewModel.swift */ = {isa = PBXFileReference; fileEncoding = 4; lastKnownFileType = sourcecode.swift; name = ExploreViewModel.swift; path = "../../../Online_Groceries_Shop_App_with_MVVM_in_SwiftUI-main/OnlineGroceriesSwiftUI/ViewModel/ExploreViewModel.swift"; sourceTree = "<group>"; };
		BEC6F3EB2B3F833B00E34639 /* NotificationViewModel.swift */ = {isa = PBXFileReference; fileEncoding = 4; lastKnownFileType = sourcecode.swift; name = NotificationViewModel.swift; path = "../../../Online_Groceries_Shop_App_with_MVVM_in_SwiftUI-main/OnlineGroceriesSwiftUI/ViewModel/NotificationViewModel.swift"; sourceTree = "<group>"; };
		BEC6F3FE2B3FAACB00E34639 /* LineTextField.swift */ = {isa = PBXFileReference; fileEncoding = 4; lastKnownFileType = sourcecode.swift; name = LineTextField.swift; path = "../../../Online_Groceries_Shop_App_with_MVVM_in_SwiftUI-main/OnlineGroceriesSwiftUI/UICommon/LineTextField.swift"; sourceTree = "<group>"; };
		BEC6F3FF2B3FAACB00E34639 /* OrderItemRow.swift */ = {isa = PBXFileReference; fileEncoding = 4; lastKnownFileType = sourcecode.swift; name = OrderItemRow.swift; path = "../../../Online_Groceries_Shop_App_with_MVVM_in_SwiftUI-main/OnlineGroceriesSwiftUI/UICommon/OrderItemRow.swift"; sourceTree = "<group>"; };
		BEC6F4002B3FAACB00E34639 /* ProductCell.swift */ = {isa = PBXFileReference; fileEncoding = 4; lastKnownFileType = sourcecode.swift; name = ProductCell.swift; path = "../../../Online_Groceries_Shop_App_with_MVVM_in_SwiftUI-main/OnlineGroceriesSwiftUI/UICommon/ProductCell.swift"; sourceTree = "<group>"; };
		BEC6F4012B3FAACB00E34639 /* CartItemRow.swift */ = {isa = PBXFileReference; fileEncoding = 4; lastKnownFileType = sourcecode.swift; name = CartItemRow.swift; path = "../../../Online_Groceries_Shop_App_with_MVVM_in_SwiftUI-main/OnlineGroceriesSwiftUI/UICommon/CartItemRow.swift"; sourceTree = "<group>"; };
		BEC6F4022B3FAACB00E34639 /* CountryPickerUI.swift */ = {isa = PBXFileReference; fileEncoding = 4; lastKnownFileType = sourcecode.swift; name = CountryPickerUI.swift; path = "../../../Online_Groceries_Shop_App_with_MVVM_in_SwiftUI-main/OnlineGroceriesSwiftUI/UICommon/CountryPickerUI.swift"; sourceTree = "<group>"; };
		BEC6F4032B3FAACB00E34639 /* ExploreCategoryCell.swift */ = {isa = PBXFileReference; fileEncoding = 4; lastKnownFileType = sourcecode.swift; name = ExploreCategoryCell.swift; path = "../../../Online_Groceries_Shop_App_with_MVVM_in_SwiftUI-main/OnlineGroceriesSwiftUI/UICommon/ExploreCategoryCell.swift"; sourceTree = "<group>"; };
		BEC6F4042B3FAACC00E34639 /* TabButton.swift */ = {isa = PBXFileReference; fileEncoding = 4; lastKnownFileType = sourcecode.swift; name = TabButton.swift; path = "../../../Online_Groceries_Shop_App_with_MVVM_in_SwiftUI-main/OnlineGroceriesSwiftUI/UICommon/TabButton.swift"; sourceTree = "<group>"; };
		BEC6F4052B3FAACC00E34639 /* ServiceCall.swift */ = {isa = PBXFileReference; fileEncoding = 4; lastKnownFileType = sourcecode.swift; name = ServiceCall.swift; path = "../../../Online_Groceries_Shop_App_with_MVVM_in_SwiftUI-main/OnlineGroceriesSwiftUI/UICommon/ServiceCall.swift"; sourceTree = "<group>"; };
		BEC6F4062B3FAACC00E34639 /* UIExtension.swift */ = {isa = PBXFileReference; fileEncoding = 4; lastKnownFileType = sourcecode.swift; name = UIExtension.swift; path = "../../../Online_Groceries_Shop_App_with_MVVM_in_SwiftUI-main/OnlineGroceriesSwiftUI/UICommon/UIExtension.swift"; sourceTree = "<group>"; };
		BEC6F4072B3FAACC00E34639 /* CategoryCell.swift */ = {isa = PBXFileReference; fileEncoding = 4; lastKnownFileType = sourcecode.swift; name = CategoryCell.swift; path = "../../../Online_Groceries_Shop_App_with_MVVM_in_SwiftUI-main/OnlineGroceriesSwiftUI/UICommon/CategoryCell.swift"; sourceTree = "<group>"; };
		BEC6F4082B3FAACC00E34639 /* SearchTextField.swift */ = {isa = PBXFileReference; fileEncoding = 4; lastKnownFileType = sourcecode.swift; name = SearchTextField.swift; path = "../../../Online_Groceries_Shop_App_with_MVVM_in_SwiftUI-main/OnlineGroceriesSwiftUI/UICommon/SearchTextField.swift"; sourceTree = "<group>"; };
		BEC6F4092B3FAACC00E34639 /* AccountRow.swift */ = {isa = PBXFileReference; fileEncoding = 4; lastKnownFileType = sourcecode.swift; name = AccountRow.swift; path = "../../../Online_Groceries_Shop_App_with_MVVM_in_SwiftUI-main/OnlineGroceriesSwiftUI/UICommon/AccountRow.swift"; sourceTree = "<group>"; };
		BEC6F40A2B3FAACC00E34639 /* SectionTitleAll.swift */ = {isa = PBXFileReference; fileEncoding = 4; lastKnownFileType = sourcecode.swift; name = SectionTitleAll.swift; path = "../../../Online_Groceries_Shop_App_with_MVVM_in_SwiftUI-main/OnlineGroceriesSwiftUI/UICommon/SectionTitleAll.swift"; sourceTree = "<group>"; };
		BEC6F40B2B3FAACC00E34639 /* Globs.swift */ = {isa = PBXFileReference; fileEncoding = 4; lastKnownFileType = sourcecode.swift; name = Globs.swift; path = "../../../Online_Groceries_Shop_App_with_MVVM_in_SwiftUI-main/OnlineGroceriesSwiftUI/UICommon/Globs.swift"; sourceTree = "<group>"; };
		BEC6F40C2B3FAACC00E34639 /* FavouriteRow.swift */ = {isa = PBXFileReference; fileEncoding = 4; lastKnownFileType = sourcecode.swift; name = FavouriteRow.swift; path = "../../../Online_Groceries_Shop_App_with_MVVM_in_SwiftUI-main/OnlineGroceriesSwiftUI/UICommon/FavouriteRow.swift"; sourceTree = "<group>"; };
		BEC6F40D2B3FAACC00E34639 /* RoundButton.swift */ = {isa = PBXFileReference; fileEncoding = 4; lastKnownFileType = sourcecode.swift; name = RoundButton.swift; path = "../../../Online_Groceries_Shop_App_with_MVVM_in_SwiftUI-main/OnlineGroceriesSwiftUI/UICommon/RoundButton.swift"; sourceTree = "<group>"; };
		BEC6F4232B3FCAFC00E34639 /* ProductDetailView.swift */ = {isa = PBXFileReference; fileEncoding = 4; lastKnownFileType = sourcecode.swift; name = ProductDetailView.swift; path = "../../../../../Downloads/Online_Groceries_Shop_App_with_MVVM_in_SwiftUI-main/OnlineGroceriesSwiftUI/View/Home/ProductDetailView.swift"; sourceTree = "<group>"; };
		BEC6F4242B3FCAFC00E34639 /* HomeView.swift */ = {isa = PBXFileReference; fileEncoding = 4; lastKnownFileType = sourcecode.swift; name = HomeView.swift; path = "../../../../../Downloads/Online_Groceries_Shop_App_with_MVVM_in_SwiftUI-main/OnlineGroceriesSwiftUI/View/Home/HomeView.swift"; sourceTree = "<group>"; };
		BEC6F4272B4E44DD00E34639 /* Assets.xcassets */ = {isa = PBXFileReference; lastKnownFileType = folder.assetcatalog; name = Assets.xcassets; path = "../../../Downloads/Online_Groceries_Shop_App_with_MVVM_in_SwiftUI-main/OnlineGroceriesSwiftUI/Assets.xcassets"; sourceTree = "<group>"; };
/* End PBXFileReference section */

/* Begin PBXFrameworksBuildPhase section */
		0408EA842A8E59AA00B35A6B /* Frameworks */ = {
			isa = PBXFrameworksBuildPhase;
			buildActionMask = 2147483647;
			files = (
				BEC6F3FD2B3F83B700E34639 /* SDWebImageSwiftUI in Frameworks */,
				04AFAAFE2A8FC30D000F802D /* CountryPicker in Frameworks */,
			);
			runOnlyForDeploymentPostprocessing = 0;
		};
		0408EA9A2A8E59AC00B35A6B /* Frameworks */ = {
			isa = PBXFrameworksBuildPhase;
			buildActionMask = 2147483647;
			files = (
			);
			runOnlyForDeploymentPostprocessing = 0;
		};
		0408EAA42A8E59AC00B35A6B /* Frameworks */ = {
			isa = PBXFrameworksBuildPhase;
			buildActionMask = 2147483647;
			files = (
			);
			runOnlyForDeploymentPostprocessing = 0;
		};
/* End PBXFrameworksBuildPhase section */

/* Begin PBXGroup section */
		0408EA7E2A8E59AA00B35A6B = {
			isa = PBXGroup;
			children = (
				0408EA892A8E59AA00B35A6B /* OnlineGroceries */,
				0408EAA02A8E59AC00B35A6B /* OnlineGroceriesTests */,
				0408EAAA2A8E59AC00B35A6B /* OnlineGroceriesUITests */,
				0408EA882A8E59AA00B35A6B /* Products */,
			);
			sourceTree = "<group>";
		};
		0408EA882A8E59AA00B35A6B /* Products */ = {
			isa = PBXGroup;
			children = (
				0408EA872A8E59AA00B35A6B /* OnlineGroceries.app */,
				0408EA9D2A8E59AC00B35A6B /* OnlineGroceriesTests.xctest */,
				0408EAA72A8E59AC00B35A6B /* OnlineGroceriesUITests.xctest */,
			);
			name = Products;
			sourceTree = "<group>";
		};
		0408EA892A8E59AA00B35A6B /* OnlineGroceries */ = {
			isa = PBXGroup;
			children = (
				BE4A253E2B2767C2001D9DE8 /* groceries.sql */,
				04AFAB0D2A91A881000F802D /* Common */,
				0408EACA2A8E7AA400B35A6B /* UICommon */,
				0408EAC82A8E793E00B35A6B /* Model */,
				0408EAC72A8E792E00B35A6B /* View */,
				0408EAC92A8E794F00B35A6B /* ViewModel */,
				0408EAC62A8E5E9700B35A6B /* Info.plist */,
				0408EABB2A8E5B7B00B35A6B /* Font */,
				0408EA8A2A8E59AA00B35A6B /* OnlineGroceriesApp.swift */,
				BEC6F4272B4E44DD00E34639 /* Assets.xcassets */,
				0408EA952A8E59AC00B35A6B /* OnlineGroceries.entitlements */,
				0408EA8E2A8E59AA00B35A6B /* OnlineGroceries.xcdatamodeld */,
				0408EA962A8E59AC00B35A6B /* Preview Content */,
				0408EACE2A8E7C4100B35A6B /* Launch Screen.storyboard */,
			);
			path = OnlineGroceries;
			sourceTree = "<group>";
		};
		0408EA962A8E59AC00B35A6B /* Preview Content */ = {
			isa = PBXGroup;
			children = (
				0408EA972A8E59AC00B35A6B /* Preview Assets.xcassets */,
			);
			path = "Preview Content";
			sourceTree = "<group>";
		};
		0408EAA02A8E59AC00B35A6B /* OnlineGroceriesTests */ = {
			isa = PBXGroup;
			children = (
				0408EAA12A8E59AC00B35A6B /* OnlineGroceriesTests.swift */,
			);
			path = OnlineGroceriesTests;
			sourceTree = "<group>";
		};
		0408EAAA2A8E59AC00B35A6B /* OnlineGroceriesUITests */ = {
			isa = PBXGroup;
			children = (
				0408EAAB2A8E59AC00B35A6B /* OnlineGroceriesUITests.swift */,
				0408EAAD2A8E59AC00B35A6B /* OnlineGroceriesUITestsLaunchTests.swift */,
			);
			path = OnlineGroceriesUITests;
			sourceTree = "<group>";
		};
		0408EABB2A8E5B7B00B35A6B /* Font */ = {
			isa = PBXGroup;
			children = (
				0408EABE2A8E5C1600B35A6B /* Metropolis-Bold.otf */,
				0408EABC2A8E5C1600B35A6B /* Metropolis-ExtraBold.otf */,
				0408EABD2A8E5C1600B35A6B /* Metropolis-Medium.otf */,
				0408EAC02A8E5C1600B35A6B /* Metropolis-Regular.otf */,
				0408EABF2A8E5C1600B35A6B /* Metropolis-SemiBold.otf */,
			);
			path = Font;
			sourceTree = "<group>";
		};
		0408EAC72A8E792E00B35A6B /* View */ = {
			isa = PBXGroup;
			children = (
				BEC6F41E2B3FCACF00E34639 /* Home */,
				BEC6F3DB2B3F82C700E34639 /* Favourite */,
				BEC6F3D42B3F827300E34639 /* Cart */,
				046A90622ADB27C400AB26C7 /* Account */,
				046A903B2AD8331900AB26C7 /* Login */,
				046A90382AD81E5800AB26C7 /* MainTab */,
			);
			path = View;
			sourceTree = "<group>";
		};
		0408EAC82A8E793E00B35A6B /* Model */ = {
			isa = PBXGroup;
			children = (
				04AB452B2AD6FAF300F366DF /* UserModel.swift */,
				046A90402AD85E3700AB26C7 /* TypeModel.swift */,
				046A903E2AD84DE300AB26C7 /* ProductModel.swift */,
				046A90422AD8623300AB26C7 /* PromoCodeModel.swift */,
				046A90442AD86E2500AB26C7 /* PaymentModel.swift */,
				046A90462AD872C000AB26C7 /* OrderItemModel.swift */,
				046A90482AD87D8F00AB26C7 /* MyOrderModel.swift */,
				046A904A2AD8B9AA00AB26C7 /* NutritionModel.swift */,
				046A904C2AD8BCAF00AB26C7 /* NotificationModel.swift */,
				046A904E2AD8C11E00AB26C7 /* ExploreCategoryModel.swift */,
				046A90502AD8C55900AB26C7 /* ImageModel.swift */,
				046A905E2ADAD13D00AB26C7 /* CartItemModel.swift */,
				046A90602ADAE6D300AB26C7 /* AddressModel.swift */,
			);
			path = Model;
			sourceTree = "<group>";
		};
		0408EAC92A8E794F00B35A6B /* ViewModel */ = {
			isa = PBXGroup;
			children = (
				BEC6F3E62B3F833B00E34639 /* CartViewModel.swift */,
				BEC6F3DD2B3F833B00E34639 /* DeliveryAddressViewModel.swift */,
				BEC6F3DE2B3F833B00E34639 /* ExploreItemViewModel.swift */,
				BEC6F3EA2B3F833B00E34639 /* ExploreViewModel.swift */,
				BEC6F3E02B3F833B00E34639 /* FavouriteViewModel.swift */,
				BEC6F3E72B3F833B00E34639 /* ForgotPasswordViewModel.swift */,
				BEC6F3E42B3F833B00E34639 /* HomeViewModel.swift */,
				BEC6F3E32B3F833B00E34639 /* MainViewModel.swift */,
				BEC6F3DF2B3F833B00E34639 /* MyDetailsViewModel.swift */,
				BEC6F3E82B3F833B00E34639 /* MyOrderDetailViewModel.swift */,
				BEC6F3E12B3F833B00E34639 /* MyOrdersViewModel.swift */,
				BEC6F3EB2B3F833B00E34639 /* NotificationViewModel.swift */,
				BEC6F3E52B3F833B00E34639 /* PaymentViewModel.swift */,
				BEC6F3E92B3F833B00E34639 /* ProductDetailViewModel.swift */,
				BEC6F3E22B3F833B00E34639 /* PromoCodeViewModel.swift */,
			);
			path = ViewModel;
			sourceTree = "<group>";
		};
		0408EACA2A8E7AA400B35A6B /* UICommon */ = {
			isa = PBXGroup;
			children = (
				BEC6F4092B3FAACC00E34639 /* AccountRow.swift */,
				BEC6F4012B3FAACB00E34639 /* CartItemRow.swift */,
				BEC6F4072B3FAACC00E34639 /* CategoryCell.swift */,
				BEC6F4022B3FAACB00E34639 /* CountryPickerUI.swift */,
				BEC6F4032B3FAACB00E34639 /* ExploreCategoryCell.swift */,
				BEC6F40C2B3FAACC00E34639 /* FavouriteRow.swift */,
				BEC6F40B2B3FAACC00E34639 /* Globs.swift */,
				BEC6F3FE2B3FAACB00E34639 /* LineTextField.swift */,
				BEC6F3FF2B3FAACB00E34639 /* OrderItemRow.swift */,
				BEC6F4002B3FAACB00E34639 /* ProductCell.swift */,
				BEC6F40D2B3FAACC00E34639 /* RoundButton.swift */,
				BEC6F4082B3FAACC00E34639 /* SearchTextField.swift */,
				BEC6F40A2B3FAACC00E34639 /* SectionTitleAll.swift */,
				BEC6F4052B3FAACC00E34639 /* ServiceCall.swift */,
				BEC6F4042B3FAACC00E34639 /* TabButton.swift */,
				BEC6F4062B3FAACC00E34639 /* UIExtension.swift */,
			);
			path = UICommon;
			sourceTree = "<group>";
		};
		046A90382AD81E5800AB26C7 /* MainTab */ = {
			isa = PBXGroup;
			children = (
				046A90392AD81E7B00AB26C7 /* MainTabView.swift */,
			);
			path = MainTab;
			sourceTree = "<group>";
		};
		046A903B2AD8331900AB26C7 /* Login */ = {
			isa = PBXGroup;
			children = (
				0408EACC2A8E7B2700B35A6B /* WelcomeView.swift */,
				0408EAD62A8F1DE600B35A6B /* SignInView.swift */,
				04AFAB032A8FFAE0000F802D /* LoginView.swift */,
				049759D32AD4CE1000BA757B /* SignUpView.swift */,
				046A90522AD8C7E300AB26C7 /* OTPView.swift */,
				046A90542AD8C8A700AB26C7 /* ForgotPasswordView.swift */,
				046A90562AD8C8D500AB26C7 /* ForgotPasswordSetView.swift */,
			);
			path = Login;
			sourceTree = "<group>";
		};
		046A90622ADB27C400AB26C7 /* Account */ = {
			isa = PBXGroup;
			children = (
				BEC6F3C72B3F823B00E34639 /* AddDeliveryAddressView.swift */,
				BEC6F3C22B3F823B00E34639 /* AddPaymentMethodView.swift */,
				BEC6F3C02B3F823A00E34639 /* ChangePasswordView.swift */,
				BEC6F3C92B3F823B00E34639 /* DeliveryAddressView.swift */,
				BEC6F3C32B3F823B00E34639 /* MyDetailsView.swift */,
				BEC6F3C62B3F823B00E34639 /* MyOrdersDetailView.swift */,
				BEC6F3C12B3F823A00E34639 /* MyOrdersView.swift */,
				BEC6F3C42B3F823B00E34639 /* NotificationView.swift */,
				BEC6F3C82B3F823B00E34639 /* PaymentMethodsView.swift */,
				BEC6F3C52B3F823B00E34639 /* PromoCodeView.swift */,
				046A90632ADB281600AB26C7 /* AccountView.swift */,
			);
			path = Account;
			sourceTree = "<group>";
		};
		04AFAB0D2A91A881000F802D /* Common */ = {
			isa = PBXGroup;
			children = (
				04AFAB0E2A91A90A000F802D /* UIKitExtension.swift */,
			);
			path = Common;
			sourceTree = "<group>";
		};
		BEC6F41E2B3FCACF00E34639 /* Home */ = {
			isa = PBXGroup;
			children = (
				BEC6F4242B3FCAFC00E34639 /* HomeView.swift */,
				BEC6F4232B3FCAFC00E34639 /* ProductDetailView.swift */,
			);
			path = Home;
			sourceTree = "<group>";
		};
/* End PBXGroup section */

/* Begin PBXNativeTarget section */
		0408EA862A8E59AA00B35A6B /* OnlineGroceries */ = {
			isa = PBXNativeTarget;
			buildConfigurationList = 0408EAB12A8E59AC00B35A6B /* Build configuration list for PBXNativeTarget "OnlineGroceries" */;
			buildPhases = (
				0408EA832A8E59AA00B35A6B /* Sources */,
				0408EA842A8E59AA00B35A6B /* Frameworks */,
				0408EA852A8E59AA00B35A6B /* Resources */,
			);
			buildRules = (
			);
			dependencies = (
			);
			name = OnlineGroceries;
			packageProductDependencies = (
				04AFAAFD2A8FC30D000F802D /* CountryPicker */,
				BEC6F3FC2B3F83B700E34639 /* SDWebImageSwiftUI */,
			);
			productName = OnlineGroceries;
			productReference = 0408EA872A8E59AA00B35A6B /* OnlineGroceries.app */;
			productType = "com.apple.product-type.application";
		};
		0408EA9C2A8E59AC00B35A6B /* OnlineGroceriesTests */ = {
			isa = PBXNativeTarget;
			buildConfigurationList = 0408EAB42A8E59AC00B35A6B /* Build configuration list for PBXNativeTarget "OnlineGroceriesTests" */;
			buildPhases = (
				0408EA992A8E59AC00B35A6B /* Sources */,
				0408EA9A2A8E59AC00B35A6B /* Frameworks */,
				0408EA9B2A8E59AC00B35A6B /* Resources */,
			);
			buildRules = (
			);
			dependencies = (
				0408EA9F2A8E59AC00B35A6B /* PBXTargetDependency */,
			);
			name = OnlineGroceriesTests;
			productName = OnlineGroceriesTests;
			productReference = 0408EA9D2A8E59AC00B35A6B /* OnlineGroceriesTests.xctest */;
			productType = "com.apple.product-type.bundle.unit-test";
		};
		0408EAA62A8E59AC00B35A6B /* OnlineGroceriesUITests */ = {
			isa = PBXNativeTarget;
			buildConfigurationList = 0408EAB72A8E59AC00B35A6B /* Build configuration list for PBXNativeTarget "OnlineGroceriesUITests" */;
			buildPhases = (
				0408EAA32A8E59AC00B35A6B /* Sources */,
				0408EAA42A8E59AC00B35A6B /* Frameworks */,
				0408EAA52A8E59AC00B35A6B /* Resources */,
			);
			buildRules = (
			);
			dependencies = (
				0408EAA92A8E59AC00B35A6B /* PBXTargetDependency */,
			);
			name = OnlineGroceriesUITests;
			productName = OnlineGroceriesUITests;
			productReference = 0408EAA72A8E59AC00B35A6B /* OnlineGroceriesUITests.xctest */;
			productType = "com.apple.product-type.bundle.ui-testing";
		};
/* End PBXNativeTarget section */

/* Begin PBXProject section */
		0408EA7F2A8E59AA00B35A6B /* Project object */ = {
			isa = PBXProject;
			attributes = {
				BuildIndependentTargetsInParallel = 1;
				LastSwiftUpdateCheck = 1430;
				LastUpgradeCheck = 1500;
				TargetAttributes = {
					0408EA862A8E59AA00B35A6B = {
						CreatedOnToolsVersion = 14.3.1;
					};
					0408EA9C2A8E59AC00B35A6B = {
						CreatedOnToolsVersion = 14.3.1;
						TestTargetID = 0408EA862A8E59AA00B35A6B;
					};
					0408EAA62A8E59AC00B35A6B = {
						CreatedOnToolsVersion = 14.3.1;
						TestTargetID = 0408EA862A8E59AA00B35A6B;
					};
				};
			};
			buildConfigurationList = 0408EA822A8E59AA00B35A6B /* Build configuration list for PBXProject "OnlineGroceries" */;
			compatibilityVersion = "Xcode 14.0";
			developmentRegion = en;
			hasScannedForEncodings = 0;
			knownRegions = (
				en,
				Base,
			);
			mainGroup = 0408EA7E2A8E59AA00B35A6B;
			packageReferences = (
				04AFAAFC2A8FC30D000F802D /* XCRemoteSwiftPackageReference "CountryPicker" */,
				BE4987D92AFE9E1D005B2ECD /* XCRemoteSwiftPackageReference "vapor" */,
				BEC6F3FB2B3F83B700E34639 /* XCRemoteSwiftPackageReference "SDWebImageSwiftUI" */,
			);
			productRefGroup = 0408EA882A8E59AA00B35A6B /* Products */;
			projectDirPath = "";
			projectRoot = "";
			targets = (
				0408EA862A8E59AA00B35A6B /* OnlineGroceries */,
				0408EA9C2A8E59AC00B35A6B /* OnlineGroceriesTests */,
				0408EAA62A8E59AC00B35A6B /* OnlineGroceriesUITests */,
			);
		};
/* End PBXProject section */

/* Begin PBXResourcesBuildPhase section */
		0408EA852A8E59AA00B35A6B /* Resources */ = {
			isa = PBXResourcesBuildPhase;
			buildActionMask = 2147483647;
			files = (
				BE4A253F2B2767C2001D9DE8 /* groceries.sql in Resources */,
				0408EAC32A8E5C1600B35A6B /* Metropolis-Bold.otf in Resources */,
				0408EAC22A8E5C1600B35A6B /* Metropolis-Medium.otf in Resources */,
				0408EACF2A8E7C4100B35A6B /* Launch Screen.storyboard in Resources */,
				0408EA982A8E59AC00B35A6B /* Preview Assets.xcassets in Resources */,
				0408EAC52A8E5C1600B35A6B /* Metropolis-Regular.otf in Resources */,
				BEC6F3D52B3F827300E34639 /* Cart in Resources */,
				0408EAC42A8E5C1600B35A6B /* Metropolis-SemiBold.otf in Resources */,
				0408EAC12A8E5C1600B35A6B /* Metropolis-ExtraBold.otf in Resources */,
				BEC6F4282B4E44DD00E34639 /* Assets.xcassets in Resources */,
				BEC6F3DC2B3F82C700E34639 /* Favourite in Resources */,
			);
			runOnlyForDeploymentPostprocessing = 0;
		};
		0408EA9B2A8E59AC00B35A6B /* Resources */ = {
			isa = PBXResourcesBuildPhase;
			buildActionMask = 2147483647;
			files = (
			);
			runOnlyForDeploymentPostprocessing = 0;
		};
		0408EAA52A8E59AC00B35A6B /* Resources */ = {
			isa = PBXResourcesBuildPhase;
			buildActionMask = 2147483647;
			files = (
			);
			runOnlyForDeploymentPostprocessing = 0;
		};
/* End PBXResourcesBuildPhase section */

/* Begin PBXSourcesBuildPhase section */
		0408EA832A8E59AA00B35A6B /* Sources */ = {
			isa = PBXSourcesBuildPhase;
			buildActionMask = 2147483647;
			files = (
				BEC6F3D22B3F823B00E34639 /* PaymentMethodsView.swift in Sources */,
				0408EAD72A8F1DE600B35A6B /* SignInView.swift in Sources */,
				BEC6F3D12B3F823B00E34639 /* AddDeliveryAddressView.swift in Sources */,
				BEC6F4142B3FAACC00E34639 /* TabButton.swift in Sources */,
				BEC6F4122B3FAACC00E34639 /* CountryPickerUI.swift in Sources */,
				BEC6F3CD2B3F823B00E34639 /* MyDetailsView.swift in Sources */,
				046A90572AD8C8D500AB26C7 /* ForgotPasswordSetView.swift in Sources */,
				BEC6F3F52B3F833B00E34639 /* CartViewModel.swift in Sources */,
				046A90642ADB281600AB26C7 /* AccountView.swift in Sources */,
				046A90472AD872C000AB26C7 /* OrderItemModel.swift in Sources */,
				0408EA8B2A8E59AA00B35A6B /* OnlineGroceriesApp.swift in Sources */,
				046A90432AD8623300AB26C7 /* PromoCodeModel.swift in Sources */,
				046A903A2AD81E7B00AB26C7 /* MainTabView.swift in Sources */,
				04AFAB0F2A91A90A000F802D /* UIKitExtension.swift in Sources */,
				BEC6F4102B3FAACC00E34639 /* ProductCell.swift in Sources */,
				BEC6F3F02B3F833B00E34639 /* MyOrdersViewModel.swift in Sources */,
				BEC6F3F72B3F833B00E34639 /* MyOrderDetailViewModel.swift in Sources */,
				046A90552AD8C8A700AB26C7 /* ForgotPasswordView.swift in Sources */,
				BEC6F3FA2B3F833B00E34639 /* NotificationViewModel.swift in Sources */,
				046A904F2AD8C11E00AB26C7 /* ExploreCategoryModel.swift in Sources */,
				0408EACD2A8E7B2700B35A6B /* WelcomeView.swift in Sources */,
				BEC6F41A2B3FAACC00E34639 /* SectionTitleAll.swift in Sources */,
				046A90412AD85E3800AB26C7 /* TypeModel.swift in Sources */,
				046A90612ADAE6D300AB26C7 /* AddressModel.swift in Sources */,
				BEC6F4112B3FAACC00E34639 /* CartItemRow.swift in Sources */,
				BEC6F3CE2B3F823B00E34639 /* NotificationView.swift in Sources */,
				0408EA902A8E59AA00B35A6B /* OnlineGroceries.xcdatamodeld in Sources */,
				046A90532AD8C7E300AB26C7 /* OTPView.swift in Sources */,
				BEC6F40F2B3FAACC00E34639 /* OrderItemRow.swift in Sources */,
				BEC6F3F32B3F833B00E34639 /* HomeViewModel.swift in Sources */,
				BEC6F3D32B3F823B00E34639 /* DeliveryAddressView.swift in Sources */,
				BEC6F3EC2B3F833B00E34639 /* DeliveryAddressViewModel.swift in Sources */,
				046A904D2AD8BCAF00AB26C7 /* NotificationModel.swift in Sources */,
				046A90492AD87D9000AB26C7 /* MyOrderModel.swift in Sources */,
				BEC6F3F12B3F833B00E34639 /* PromoCodeViewModel.swift in Sources */,
				BEC6F4172B3FAACC00E34639 /* CategoryCell.swift in Sources */,
				BEC6F4162B3FAACC00E34639 /* UIExtension.swift in Sources */,
				BEC6F3CC2B3F823B00E34639 /* AddPaymentMethodView.swift in Sources */,
				BEC6F3EE2B3F833B00E34639 /* MyDetailsViewModel.swift in Sources */,
				BEC6F3F62B3F833B00E34639 /* ForgotPasswordViewModel.swift in Sources */,
				046A905F2ADAD13D00AB26C7 /* CartItemModel.swift in Sources */,
				BEC6F4262B3FCAFC00E34639 /* HomeView.swift in Sources */,
				BEC6F41C2B3FAACC00E34639 /* FavouriteRow.swift in Sources */,
				BEC6F3CF2B3F823B00E34639 /* PromoCodeView.swift in Sources */,
				BEC6F3D02B3F823B00E34639 /* MyOrdersDetailView.swift in Sources */,
				BEC6F40E2B3FAACC00E34639 /* LineTextField.swift in Sources */,
				04AFAB042A8FFAE0000F802D /* LoginView.swift in Sources */,
				049759D42AD4CE1000BA757B /* SignUpView.swift in Sources */,
				BEC6F41D2B3FAACC00E34639 /* RoundButton.swift in Sources */,
				BEC6F41B2B3FAACC00E34639 /* Globs.swift in Sources */,
				046A903F2AD84DE300AB26C7 /* ProductModel.swift in Sources */,
				BEC6F3F92B3F833B00E34639 /* ExploreViewModel.swift in Sources */,
				BEC6F4192B3FAACC00E34639 /* AccountRow.swift in Sources */,
				BEC6F3ED2B3F833B00E34639 /* ExploreItemViewModel.swift in Sources */,
				BEC6F4132B3FAACC00E34639 /* ExploreCategoryCell.swift in Sources */,
				046A90512AD8C55900AB26C7 /* ImageModel.swift in Sources */,
				BEC6F3F42B3F833B00E34639 /* PaymentViewModel.swift in Sources */,
				BEC6F4182B3FAACC00E34639 /* SearchTextField.swift in Sources */,
				BEC6F3CB2B3F823B00E34639 /* MyOrdersView.swift in Sources */,
				BEC6F3CA2B3F823B00E34639 /* ChangePasswordView.swift in Sources */,
				046A904B2AD8B9AA00AB26C7 /* NutritionModel.swift in Sources */,
				BEC6F4252B3FCAFC00E34639 /* ProductDetailView.swift in Sources */,
				BEC6F3EF2B3F833B00E34639 /* FavouriteViewModel.swift in Sources */,
				046A90452AD86E2500AB26C7 /* PaymentModel.swift in Sources */,
				04AB452C2AD6FAF300F366DF /* UserModel.swift in Sources */,
				BEC6F4152B3FAACC00E34639 /* ServiceCall.swift in Sources */,
				BEC6F3F22B3F833B00E34639 /* MainViewModel.swift in Sources */,
				BEC6F3F82B3F833B00E34639 /* ProductDetailViewModel.swift in Sources */,
			);
			runOnlyForDeploymentPostprocessing = 0;
		};
		0408EA992A8E59AC00B35A6B /* Sources */ = {
			isa = PBXSourcesBuildPhase;
			buildActionMask = 2147483647;
			files = (
				0408EAA22A8E59AC00B35A6B /* OnlineGroceriesTests.swift in Sources */,
			);
			runOnlyForDeploymentPostprocessing = 0;
		};
		0408EAA32A8E59AC00B35A6B /* Sources */ = {
			isa = PBXSourcesBuildPhase;
			buildActionMask = 2147483647;
			files = (
				0408EAAC2A8E59AC00B35A6B /* OnlineGroceriesUITests.swift in Sources */,
			);
			runOnlyForDeploymentPostprocessing = 0;
		};
/* End PBXSourcesBuildPhase section */

/* Begin PBXTargetDependency section */
		0408EA9F2A8E59AC00B35A6B /* PBXTargetDependency */ = {
			isa = PBXTargetDependency;
			target = 0408EA862A8E59AA00B35A6B /* OnlineGroceries */;
			targetProxy = 0408EA9E2A8E59AC00B35A6B /* PBXContainerItemProxy */;
		};
		0408EAA92A8E59AC00B35A6B /* PBXTargetDependency */ = {
			isa = PBXTargetDependency;
			target = 0408EA862A8E59AA00B35A6B /* OnlineGroceries */;
			targetProxy = 0408EAA82A8E59AC00B35A6B /* PBXContainerItemProxy */;
		};
/* End PBXTargetDependency section */

/* Begin XCBuildConfiguration section */
		0408EAAF2A8E59AC00B35A6B /* Debug */ = {
			isa = XCBuildConfiguration;
			buildSettings = {
				ALWAYS_SEARCH_USER_PATHS = NO;
				ASSETCATALOG_COMPILER_GENERATE_SWIFT_ASSET_SYMBOL_EXTENSIONS = YES;
				CLANG_ANALYZER_NONNULL = YES;
				CLANG_ANALYZER_NUMBER_OBJECT_CONVERSION = YES_AGGRESSIVE;
				CLANG_CXX_LANGUAGE_STANDARD = "gnu++20";
				CLANG_ENABLE_MODULES = YES;
				CLANG_ENABLE_OBJC_ARC = YES;
				CLANG_ENABLE_OBJC_WEAK = YES;
				CLANG_WARN_BLOCK_CAPTURE_AUTORELEASING = YES;
				CLANG_WARN_BOOL_CONVERSION = YES;
				CLANG_WARN_COMMA = YES;
				CLANG_WARN_CONSTANT_CONVERSION = YES;
				CLANG_WARN_DEPRECATED_OBJC_IMPLEMENTATIONS = YES;
				CLANG_WARN_DIRECT_OBJC_ISA_USAGE = YES_ERROR;
				CLANG_WARN_DOCUMENTATION_COMMENTS = YES;
				CLANG_WARN_EMPTY_BODY = YES;
				CLANG_WARN_ENUM_CONVERSION = YES;
				CLANG_WARN_INFINITE_RECURSION = YES;
				CLANG_WARN_INT_CONVERSION = YES;
				CLANG_WARN_NON_LITERAL_NULL_CONVERSION = YES;
				CLANG_WARN_OBJC_IMPLICIT_RETAIN_SELF = YES;
				CLANG_WARN_OBJC_LITERAL_CONVERSION = YES;
				CLANG_WARN_OBJC_ROOT_CLASS = YES_ERROR;
				CLANG_WARN_QUOTED_INCLUDE_IN_FRAMEWORK_HEADER = YES;
				CLANG_WARN_RANGE_LOOP_ANALYSIS = YES;
				CLANG_WARN_STRICT_PROTOTYPES = YES;
				CLANG_WARN_SUSPICIOUS_MOVE = YES;
				CLANG_WARN_UNGUARDED_AVAILABILITY = YES_AGGRESSIVE;
				CLANG_WARN_UNREACHABLE_CODE = YES;
				CLANG_WARN__DUPLICATE_METHOD_MATCH = YES;
				COPY_PHASE_STRIP = NO;
				DEAD_CODE_STRIPPING = YES;
				DEBUG_INFORMATION_FORMAT = dwarf;
				ENABLE_STRICT_OBJC_MSGSEND = YES;
				ENABLE_TESTABILITY = YES;
				ENABLE_USER_SCRIPT_SANDBOXING = YES;
				GCC_C_LANGUAGE_STANDARD = gnu11;
				GCC_DYNAMIC_NO_PIC = NO;
				GCC_NO_COMMON_BLOCKS = YES;
				GCC_OPTIMIZATION_LEVEL = 0;
				GCC_PREPROCESSOR_DEFINITIONS = (
					"DEBUG=1",
					"$(inherited)",
				);
				GCC_WARN_64_TO_32_BIT_CONVERSION = YES;
				GCC_WARN_ABOUT_RETURN_TYPE = YES_ERROR;
				GCC_WARN_UNDECLARED_SELECTOR = YES;
				GCC_WARN_UNINITIALIZED_AUTOS = YES_AGGRESSIVE;
				GCC_WARN_UNUSED_FUNCTION = YES;
				GCC_WARN_UNUSED_VARIABLE = YES;
				IPHONEOS_DEPLOYMENT_TARGET = 13.0;
				MTL_ENABLE_DEBUG_INFO = INCLUDE_SOURCE;
				MTL_FAST_MATH = YES;
				ONLY_ACTIVE_ARCH = YES;
				SWIFT_ACTIVE_COMPILATION_CONDITIONS = DEBUG;
				SWIFT_OPTIMIZATION_LEVEL = "-Onone";
			};
			name = Debug;
		};
		0408EAB02A8E59AC00B35A6B /* Release */ = {
			isa = XCBuildConfiguration;
			buildSettings = {
				ALWAYS_SEARCH_USER_PATHS = NO;
				ASSETCATALOG_COMPILER_GENERATE_SWIFT_ASSET_SYMBOL_EXTENSIONS = YES;
				CLANG_ANALYZER_NONNULL = YES;
				CLANG_ANALYZER_NUMBER_OBJECT_CONVERSION = YES_AGGRESSIVE;
				CLANG_CXX_LANGUAGE_STANDARD = "gnu++20";
				CLANG_ENABLE_MODULES = YES;
				CLANG_ENABLE_OBJC_ARC = YES;
				CLANG_ENABLE_OBJC_WEAK = YES;
				CLANG_WARN_BLOCK_CAPTURE_AUTORELEASING = YES;
				CLANG_WARN_BOOL_CONVERSION = YES;
				CLANG_WARN_COMMA = YES;
				CLANG_WARN_CONSTANT_CONVERSION = YES;
				CLANG_WARN_DEPRECATED_OBJC_IMPLEMENTATIONS = YES;
				CLANG_WARN_DIRECT_OBJC_ISA_USAGE = YES_ERROR;
				CLANG_WARN_DOCUMENTATION_COMMENTS = YES;
				CLANG_WARN_EMPTY_BODY = YES;
				CLANG_WARN_ENUM_CONVERSION = YES;
				CLANG_WARN_INFINITE_RECURSION = YES;
				CLANG_WARN_INT_CONVERSION = YES;
				CLANG_WARN_NON_LITERAL_NULL_CONVERSION = YES;
				CLANG_WARN_OBJC_IMPLICIT_RETAIN_SELF = YES;
				CLANG_WARN_OBJC_LITERAL_CONVERSION = YES;
				CLANG_WARN_OBJC_ROOT_CLASS = YES_ERROR;
				CLANG_WARN_QUOTED_INCLUDE_IN_FRAMEWORK_HEADER = YES;
				CLANG_WARN_RANGE_LOOP_ANALYSIS = YES;
				CLANG_WARN_STRICT_PROTOTYPES = YES;
				CLANG_WARN_SUSPICIOUS_MOVE = YES;
				CLANG_WARN_UNGUARDED_AVAILABILITY = YES_AGGRESSIVE;
				CLANG_WARN_UNREACHABLE_CODE = YES;
				CLANG_WARN__DUPLICATE_METHOD_MATCH = YES;
				COPY_PHASE_STRIP = NO;
				DEAD_CODE_STRIPPING = YES;
				DEBUG_INFORMATION_FORMAT = "dwarf-with-dsym";
				ENABLE_NS_ASSERTIONS = NO;
				ENABLE_STRICT_OBJC_MSGSEND = YES;
				ENABLE_USER_SCRIPT_SANDBOXING = YES;
				GCC_C_LANGUAGE_STANDARD = gnu11;
				GCC_NO_COMMON_BLOCKS = YES;
				GCC_WARN_64_TO_32_BIT_CONVERSION = YES;
				GCC_WARN_ABOUT_RETURN_TYPE = YES_ERROR;
				GCC_WARN_UNDECLARED_SELECTOR = YES;
				GCC_WARN_UNINITIALIZED_AUTOS = YES_AGGRESSIVE;
				GCC_WARN_UNUSED_FUNCTION = YES;
				GCC_WARN_UNUSED_VARIABLE = YES;
				IPHONEOS_DEPLOYMENT_TARGET = 13.0;
				MTL_ENABLE_DEBUG_INFO = NO;
				MTL_FAST_MATH = YES;
				SWIFT_COMPILATION_MODE = wholemodule;
				SWIFT_OPTIMIZATION_LEVEL = "-O";
			};
			name = Release;
		};
		0408EAB22A8E59AC00B35A6B /* Debug */ = {
			isa = XCBuildConfiguration;
			buildSettings = {
				ASSETCATALOG_COMPILER_APPICON_NAME = AppIcon;
				ASSETCATALOG_COMPILER_GLOBAL_ACCENT_COLOR_NAME = AccentColor;
				CODE_SIGN_ENTITLEMENTS = OnlineGroceries/OnlineGroceries.entitlements;
				CODE_SIGN_STYLE = Automatic;
				CURRENT_PROJECT_VERSION = 1;
				DEAD_CODE_STRIPPING = YES;
				DEVELOPMENT_ASSET_PATHS = "\"OnlineGroceries/Preview Content\"";
				DEVELOPMENT_TEAM = AYBK57X933;
				ENABLE_HARDENED_RUNTIME = YES;
				ENABLE_PREVIEWS = YES;
				GENERATE_INFOPLIST_FILE = YES;
				INFOPLIST_FILE = OnlineGroceries/Info.plist;
				"INFOPLIST_KEY_UIApplicationSceneManifest_Generation[sdk=iphoneos*]" = YES;
				"INFOPLIST_KEY_UIApplicationSceneManifest_Generation[sdk=iphonesimulator*]" = YES;
				"INFOPLIST_KEY_UIApplicationSupportsIndirectInputEvents[sdk=iphoneos*]" = YES;
				"INFOPLIST_KEY_UIApplicationSupportsIndirectInputEvents[sdk=iphonesimulator*]" = YES;
				"INFOPLIST_KEY_UILaunchScreen_Generation[sdk=iphoneos*]" = YES;
				"INFOPLIST_KEY_UILaunchScreen_Generation[sdk=iphonesimulator*]" = YES;
				INFOPLIST_KEY_UILaunchStoryboardName = "Launch Screen.storyboard";
				INFOPLIST_KEY_UIStatusBarHidden = YES;
				"INFOPLIST_KEY_UIStatusBarStyle[sdk=iphoneos*]" = UIStatusBarStyleDefault;
				"INFOPLIST_KEY_UIStatusBarStyle[sdk=iphonesimulator*]" = UIStatusBarStyleDefault;
				INFOPLIST_KEY_UISupportedInterfaceOrientations = UIInterfaceOrientationPortrait;
				INFOPLIST_KEY_UISupportedInterfaceOrientations_iPad = "UIInterfaceOrientationLandscapeLeft UIInterfaceOrientationLandscapeRight UIInterfaceOrientationPortrait UIInterfaceOrientationPortraitUpsideDown";
				IPHONEOS_DEPLOYMENT_TARGET = 16.0;
				LD_RUNPATH_SEARCH_PATHS = "@executable_path/Frameworks";
				"LD_RUNPATH_SEARCH_PATHS[sdk=macosx*]" = "@executable_path/../Frameworks";
				MACOSX_DEPLOYMENT_TARGET = 13.3;
				MARKETING_VERSION = 1.0;
				PRODUCT_BUNDLE_IDENTIFIER = "Grand-Quality-Technology.OnlineGroceries";
				PRODUCT_NAME = "$(TARGET_NAME)";
				SDKROOT = auto;
				SUPPORTED_PLATFORMS = "iphoneos iphonesimulator";
				SUPPORTS_MACCATALYST = NO;
				SUPPORTS_MAC_DESIGNED_FOR_IPHONE_IPAD = NO;
				SWIFT_EMIT_LOC_STRINGS = YES;
				SWIFT_VERSION = 5.0;
				TARGETED_DEVICE_FAMILY = 1;
			};
			name = Debug;
		};
		0408EAB32A8E59AC00B35A6B /* Release */ = {
			isa = XCBuildConfiguration;
			buildSettings = {
				ASSETCATALOG_COMPILER_APPICON_NAME = AppIcon;
				ASSETCATALOG_COMPILER_GLOBAL_ACCENT_COLOR_NAME = AccentColor;
				CODE_SIGN_ENTITLEMENTS = OnlineGroceries/OnlineGroceries.entitlements;
				CODE_SIGN_STYLE = Automatic;
				CURRENT_PROJECT_VERSION = 1;
				DEAD_CODE_STRIPPING = YES;
				DEVELOPMENT_ASSET_PATHS = "\"OnlineGroceries/Preview Content\"";
				DEVELOPMENT_TEAM = AYBK57X933;
				ENABLE_HARDENED_RUNTIME = YES;
				ENABLE_PREVIEWS = YES;
				GENERATE_INFOPLIST_FILE = YES;
				INFOPLIST_FILE = OnlineGroceries/Info.plist;
				"INFOPLIST_KEY_UIApplicationSceneManifest_Generation[sdk=iphoneos*]" = YES;
				"INFOPLIST_KEY_UIApplicationSceneManifest_Generation[sdk=iphonesimulator*]" = YES;
				"INFOPLIST_KEY_UIApplicationSupportsIndirectInputEvents[sdk=iphoneos*]" = YES;
				"INFOPLIST_KEY_UIApplicationSupportsIndirectInputEvents[sdk=iphonesimulator*]" = YES;
				"INFOPLIST_KEY_UILaunchScreen_Generation[sdk=iphoneos*]" = YES;
				"INFOPLIST_KEY_UILaunchScreen_Generation[sdk=iphonesimulator*]" = YES;
				INFOPLIST_KEY_UILaunchStoryboardName = "Launch Screen.storyboard";
				INFOPLIST_KEY_UIStatusBarHidden = YES;
				"INFOPLIST_KEY_UIStatusBarStyle[sdk=iphoneos*]" = UIStatusBarStyleDefault;
				"INFOPLIST_KEY_UIStatusBarStyle[sdk=iphonesimulator*]" = UIStatusBarStyleDefault;
				INFOPLIST_KEY_UISupportedInterfaceOrientations = UIInterfaceOrientationPortrait;
				INFOPLIST_KEY_UISupportedInterfaceOrientations_iPad = "UIInterfaceOrientationLandscapeLeft UIInterfaceOrientationLandscapeRight UIInterfaceOrientationPortrait UIInterfaceOrientationPortraitUpsideDown";
				IPHONEOS_DEPLOYMENT_TARGET = 16.0;
				LD_RUNPATH_SEARCH_PATHS = "@executable_path/Frameworks";
				"LD_RUNPATH_SEARCH_PATHS[sdk=macosx*]" = "@executable_path/../Frameworks";
				MACOSX_DEPLOYMENT_TARGET = 13.3;
				MARKETING_VERSION = 1.0;
				PRODUCT_BUNDLE_IDENTIFIER = "Grand-Quality-Technology.OnlineGroceries";
				PRODUCT_NAME = "$(TARGET_NAME)";
				SDKROOT = auto;
				SUPPORTED_PLATFORMS = "iphoneos iphonesimulator";
				SUPPORTS_MACCATALYST = NO;
				SUPPORTS_MAC_DESIGNED_FOR_IPHONE_IPAD = NO;
				SWIFT_EMIT_LOC_STRINGS = YES;
				SWIFT_VERSION = 5.0;
				TARGETED_DEVICE_FAMILY = 1;
			};
			name = Release;
		};
		0408EAB52A8E59AC00B35A6B /* Debug */ = {
			isa = XCBuildConfiguration;
			buildSettings = {
				ALWAYS_EMBED_SWIFT_STANDARD_LIBRARIES = YES;
				BUNDLE_LOADER = "$(TEST_HOST)";
				CODE_SIGN_STYLE = Automatic;
				CURRENT_PROJECT_VERSION = 1;
				DEAD_CODE_STRIPPING = YES;
				DEVELOPMENT_TEAM = AYBK57X933;
				GENERATE_INFOPLIST_FILE = YES;
				IPHONEOS_DEPLOYMENT_TARGET = 16.4;
				MACOSX_DEPLOYMENT_TARGET = 13.3;
				MARKETING_VERSION = 1.0;
				PRODUCT_BUNDLE_IDENTIFIER = "Grand-Quality-Technology.OnlineGroceriesTests";
				PRODUCT_NAME = "$(TARGET_NAME)";
				SDKROOT = auto;
				SUPPORTED_PLATFORMS = "iphoneos iphonesimulator macosx";
				SWIFT_EMIT_LOC_STRINGS = NO;
				SWIFT_VERSION = 5.0;
				TARGETED_DEVICE_FAMILY = "1,2";
				TEST_HOST = "$(BUILT_PRODUCTS_DIR)/OnlineGroceries.app/$(BUNDLE_EXECUTABLE_FOLDER_PATH)/OnlineGroceries";
			};
			name = Debug;
		};
		0408EAB62A8E59AC00B35A6B /* Release */ = {
			isa = XCBuildConfiguration;
			buildSettings = {
				ALWAYS_EMBED_SWIFT_STANDARD_LIBRARIES = YES;
				BUNDLE_LOADER = "$(TEST_HOST)";
				CODE_SIGN_STYLE = Automatic;
				CURRENT_PROJECT_VERSION = 1;
				DEAD_CODE_STRIPPING = YES;
				DEVELOPMENT_TEAM = AYBK57X933;
				GENERATE_INFOPLIST_FILE = YES;
				IPHONEOS_DEPLOYMENT_TARGET = 16.4;
				MACOSX_DEPLOYMENT_TARGET = 13.3;
				MARKETING_VERSION = 1.0;
				PRODUCT_BUNDLE_IDENTIFIER = "Grand-Quality-Technology.OnlineGroceriesTests";
				PRODUCT_NAME = "$(TARGET_NAME)";
				SDKROOT = auto;
				SUPPORTED_PLATFORMS = "iphoneos iphonesimulator macosx";
				SWIFT_EMIT_LOC_STRINGS = NO;
				SWIFT_VERSION = 5.0;
				TARGETED_DEVICE_FAMILY = "1,2";
				TEST_HOST = "$(BUILT_PRODUCTS_DIR)/OnlineGroceries.app/$(BUNDLE_EXECUTABLE_FOLDER_PATH)/OnlineGroceries";
			};
			name = Release;
		};
		0408EAB82A8E59AC00B35A6B /* Debug */ = {
			isa = XCBuildConfiguration;
			buildSettings = {
				ALWAYS_EMBED_SWIFT_STANDARD_LIBRARIES = YES;
				CODE_SIGN_STYLE = Automatic;
				CURRENT_PROJECT_VERSION = 1;
				DEAD_CODE_STRIPPING = YES;
				DEVELOPMENT_TEAM = AYBK57X933;
				GENERATE_INFOPLIST_FILE = YES;
				IPHONEOS_DEPLOYMENT_TARGET = 16.4;
				MACOSX_DEPLOYMENT_TARGET = 13.3;
				MARKETING_VERSION = 1.0;
				PRODUCT_BUNDLE_IDENTIFIER = "Grand-Quality-Technology.OnlineGroceriesUITests";
				PRODUCT_NAME = "$(TARGET_NAME)";
				SDKROOT = auto;
				SUPPORTED_PLATFORMS = "iphoneos iphonesimulator macosx";
				SWIFT_EMIT_LOC_STRINGS = NO;
				SWIFT_VERSION = 5.0;
				TARGETED_DEVICE_FAMILY = "1,2";
				TEST_TARGET_NAME = OnlineGroceries;
			};
			name = Debug;
		};
		0408EAB92A8E59AC00B35A6B /* Release */ = {
			isa = XCBuildConfiguration;
			buildSettings = {
				ALWAYS_EMBED_SWIFT_STANDARD_LIBRARIES = YES;
				CODE_SIGN_STYLE = Automatic;
				CURRENT_PROJECT_VERSION = 1;
				DEAD_CODE_STRIPPING = YES;
				DEVELOPMENT_TEAM = AYBK57X933;
				GENERATE_INFOPLIST_FILE = YES;
				IPHONEOS_DEPLOYMENT_TARGET = 16.4;
				MACOSX_DEPLOYMENT_TARGET = 13.3;
				MARKETING_VERSION = 1.0;
				PRODUCT_BUNDLE_IDENTIFIER = "Grand-Quality-Technology.OnlineGroceriesUITests";
				PRODUCT_NAME = "$(TARGET_NAME)";
				SDKROOT = auto;
				SUPPORTED_PLATFORMS = "iphoneos iphonesimulator macosx";
				SWIFT_EMIT_LOC_STRINGS = NO;
				SWIFT_VERSION = 5.0;
				TARGETED_DEVICE_FAMILY = "1,2";
				TEST_TARGET_NAME = OnlineGroceries;
			};
			name = Release;
		};
/* End XCBuildConfiguration section */

/* Begin XCConfigurationList section */
		0408EA822A8E59AA00B35A6B /* Build configuration list for PBXProject "OnlineGroceries" */ = {
			isa = XCConfigurationList;
			buildConfigurations = (
				0408EAAF2A8E59AC00B35A6B /* Debug */,
				0408EAB02A8E59AC00B35A6B /* Release */,
			);
			defaultConfigurationIsVisible = 0;
			defaultConfigurationName = Release;
		};
		0408EAB12A8E59AC00B35A6B /* Build configuration list for PBXNativeTarget "OnlineGroceries" */ = {
			isa = XCConfigurationList;
			buildConfigurations = (
				0408EAB22A8E59AC00B35A6B /* Debug */,
				0408EAB32A8E59AC00B35A6B /* Release */,
			);
			defaultConfigurationIsVisible = 0;
			defaultConfigurationName = Release;
		};
		0408EAB42A8E59AC00B35A6B /* Build configuration list for PBXNativeTarget "OnlineGroceriesTests" */ = {
			isa = XCConfigurationList;
			buildConfigurations = (
				0408EAB52A8E59AC00B35A6B /* Debug */,
				0408EAB62A8E59AC00B35A6B /* Release */,
			);
			defaultConfigurationIsVisible = 0;
			defaultConfigurationName = Release;
		};
		0408EAB72A8E59AC00B35A6B /* Build configuration list for PBXNativeTarget "OnlineGroceriesUITests" */ = {
			isa = XCConfigurationList;
			buildConfigurations = (
				0408EAB82A8E59AC00B35A6B /* Debug */,
				0408EAB92A8E59AC00B35A6B /* Release */,
			);
			defaultConfigurationIsVisible = 0;
			defaultConfigurationName = Release;
		};
/* End XCConfigurationList section */

/* Begin XCRemoteSwiftPackageReference section */
		04AFAAFC2A8FC30D000F802D /* XCRemoteSwiftPackageReference "CountryPicker" */ = {
			isa = XCRemoteSwiftPackageReference;
			repositoryURL = "https://github.com/mobven/CountryPicker.git";
			requirement = {
				kind = upToNextMajorVersion;
				minimumVersion = 2.0.0;
			};
		};
		BE4987D92AFE9E1D005B2ECD /* XCRemoteSwiftPackageReference "vapor" */ = {
			isa = XCRemoteSwiftPackageReference;
			repositoryURL = "https://github.com/vapor/vapor.git";
			requirement = {
				kind = upToNextMajorVersion;
				minimumVersion = 4.86.2;
			};
		};
		BEC6F3FB2B3F83B700E34639 /* XCRemoteSwiftPackageReference "SDWebImageSwiftUI" */ = {
			isa = XCRemoteSwiftPackageReference;
			repositoryURL = "https://github.com/SDWebImage/SDWebImageSwiftUI.git";
			requirement = {
				kind = upToNextMajorVersion;
				minimumVersion = 2.2.6;
			};
		};
/* End XCRemoteSwiftPackageReference section */

/* Begin XCSwiftPackageProductDependency section */
		04AFAAFD2A8FC30D000F802D /* CountryPicker */ = {
			isa = XCSwiftPackageProductDependency;
			package = 04AFAAFC2A8FC30D000F802D /* XCRemoteSwiftPackageReference "CountryPicker" */;
			productName = CountryPicker;
		};
		BEC6F3FC2B3F83B700E34639 /* SDWebImageSwiftUI */ = {
			isa = XCSwiftPackageProductDependency;
			package = BEC6F3FB2B3F83B700E34639 /* XCRemoteSwiftPackageReference "SDWebImageSwiftUI" */;
			productName = SDWebImageSwiftUI;
		};
/* End XCSwiftPackageProductDependency section */

/* Begin XCVersionGroup section */
		0408EA8E2A8E59AA00B35A6B /* OnlineGroceries.xcdatamodeld */ = {
			isa = XCVersionGroup;
			children = (
				0408EA8F2A8E59AA00B35A6B /* OnlineGroceries.xcdatamodel */,
			);
			currentVersion = 0408EA8F2A8E59AA00B35A6B /* OnlineGroceries.xcdatamodel */;
			path = OnlineGroceries.xcdatamodeld;
			sourceTree = "<group>";
			versionGroupType = wrapper.xcdatamodel;
		};
/* End XCVersionGroup section */
	};
	rootObject = 0408EA7F2A8E59AA00B35A6B /* Project object */;
}
