// !$*UTF8*$!
{
	archiveVersion = 1;
	classes = {
	};
	objectVersion = 56;
	objects = {

/* Begin PBXBuildFile section */
		0408EA8B2A8E59AA00B35A6B /* OnlineGroceriesApp.swift in Sources */ = {isa = PBXBuildFile; fileRef = 0408EA8A2A8E59AA00B35A6B /* OnlineGroceriesApp.swift */; };
		0408EA902A8E59AA00B35A6B /* OnlineGroceries.xcdatamodeld in Sources */ = {isa = PBXBuildFile; fileRef = 0408EA8E2A8E59AA00B35A6B /* OnlineGroceries.xcdatamodeld */; };
		0408EA942A8E59AC00B35A6B /* Assets.xcassets in Resources */ = {isa = PBXBuildFile; fileRef = 0408EA932A8E59AC00B35A6B /* Assets.xcassets */; };
		0408EA982A8E59AC00B35A6B /* Preview Assets.xcassets in Resources */ = {isa = PBXBuildFile; fileRef = 0408EA972A8E59AC00B35A6B /* Preview Assets.xcassets */; };
		0408EAA22A8E59AC00B35A6B /* OnlineGroceriesTests.swift in Sources */ = {isa = PBXBuildFile; fileRef = 0408EAA12A8E59AC00B35A6B /* OnlineGroceriesTests.swift */; };
		0408EAAC2A8E59AC00B35A6B /* OnlineGroceriesUITests.swift in Sources */ = {isa = PBXBuildFile; fileRef = 0408EAAB2A8E59AC00B35A6B /* OnlineGroceriesUITests.swift */; };
		0408EAAE2A8E59AC00B35A6B /* OnlineGroceriesUITestsLaunchTests.swift in Sources */ = {isa = PBXBuildFile; fileRef = 0408EAAD2A8E59AC00B35A6B /* OnlineGroceriesUITestsLaunchTests.swift */; };
		0408EAC12A8E5C1600B35A6B /* Metropolis-ExtraBold.otf in Resources */ = {isa = PBXBuildFile; fileRef = 0408EABC2A8E5C1600B35A6B /* Metropolis-ExtraBold.otf */; };
		0408EAC22A8E5C1600B35A6B /* Metropolis-Medium.otf in Resources */ = {isa = PBXBuildFile; fileRef = 0408EABD2A8E5C1600B35A6B /* Metropolis-Medium.otf */; };
		0408EAC32A8E5C1600B35A6B /* Metropolis-Bold.otf in Resources */ = {isa = PBXBuildFile; fileRef = 0408EABE2A8E5C1600B35A6B /* Metropolis-Bold.otf */; };
		0408EAC42A8E5C1600B35A6B /* Metropolis-SemiBold.otf in Resources */ = {isa = PBXBuildFile; fileRef = 0408EABF2A8E5C1600B35A6B /* Metropolis-SemiBold.otf */; };
		0408EAC52A8E5C1600B35A6B /* Metropolis-Regular.otf in Resources */ = {isa = PBXBuildFile; fileRef = 0408EAC02A8E5C1600B35A6B /* Metropolis-Regular.otf */; };
		0408EACD2A8E7B2700B35A6B /* WelcomeView.swift in Sources */ = {isa = PBXBuildFile; fileRef = 0408EACC2A8E7B2700B35A6B /* WelcomeView.swift */; };
		0408EACF2A8E7C4100B35A6B /* Launch Screen.storyboard in Resources */ = {isa = PBXBuildFile; fileRef = 0408EACE2A8E7C4100B35A6B /* Launch Screen.storyboard */; };
		0408EAD32A8E91F900B35A6B /* UIExtension.swift in Sources */ = {isa = PBXBuildFile; fileRef = 0408EAD22A8E91F900B35A6B /* UIExtension.swift */; };
		0408EAD52A8F198400B35A6B /* RoundButton.swift in Sources */ = {isa = PBXBuildFile; fileRef = 0408EAD42A8F198400B35A6B /* RoundButton.swift */; };
		0408EAD72A8F1DE600B35A6B /* SignInView.swift in Sources */ = {isa = PBXBuildFile; fileRef = 0408EAD62A8F1DE600B35A6B /* SignInView.swift */; };
		04AFAAFE2A8FC30D000F802D /* CountryPicker in Frameworks */ = {isa = PBXBuildFile; productRef = 04AFAAFD2A8FC30D000F802D /* CountryPicker */; };
		04AFAB002A8FC345000F802D /* CountryPickerUI.swift in Sources */ = {isa = PBXBuildFile; fileRef = 04AFAAFF2A8FC345000F802D /* CountryPickerUI.swift */; };
		04AFAB042A8FFAE0000F802D /* LoginView.swift in Sources */ = {isa = PBXBuildFile; fileRef = 04AFAB032A8FFAE0000F802D /* LoginView.swift */; };
/* End PBXBuildFile section */

/* Begin PBXContainerItemProxy section */
		0408EA9E2A8E59AC00B35A6B /* PBXContainerItemProxy */ = {
			isa = PBXContainerItemProxy;
			containerPortal = 0408EA7F2A8E59AA00B35A6B /* Project object */;
			proxyType = 1;
			remoteGlobalIDString = 0408EA862A8E59AA00B35A6B;
			remoteInfo = OnlineGroceries;
		};
		0408EAA82A8E59AC00B35A6B /* PBXContainerItemProxy */ = {
			isa = PBXContainerItemProxy;
			containerPortal = 0408EA7F2A8E59AA00B35A6B /* Project object */;
			proxyType = 1;
			remoteGlobalIDString = 0408EA862A8E59AA00B35A6B;
			remoteInfo = OnlineGroceries;
		};
/* End PBXContainerItemProxy section */

/* Begin PBXFileReference section */
		0408EA872A8E59AA00B35A6B /* OnlineGroceries.app */ = {isa = PBXFileReference; explicitFileType = wrapper.application; includeInIndex = 0; path = OnlineGroceries.app; sourceTree = BUILT_PRODUCTS_DIR; };
		0408EA8A2A8E59AA00B35A6B /* OnlineGroceriesApp.swift */ = {isa = PBXFileReference; lastKnownFileType = sourcecode.swift; path = OnlineGroceriesApp.swift; sourceTree = "<group>"; };
		0408EA8F2A8E59AA00B35A6B /* OnlineGroceries.xcdatamodel */ = {isa = PBXFileReference; lastKnownFileType = wrapper.xcdatamodel; path = OnlineGroceries.xcdatamodel; sourceTree = "<group>"; };
		0408EA932A8E59AC00B35A6B /* Assets.xcassets */ = {isa = PBXFileReference; lastKnownFileType = folder.assetcatalog; path = Assets.xcassets; sourceTree = "<group>"; };
		0408EA952A8E59AC00B35A6B /* OnlineGroceries.entitlements */ = {isa = PBXFileReference; lastKnownFileType = text.plist.entitlements; path = OnlineGroceries.entitlements; sourceTree = "<group>"; };
		0408EA972A8E59AC00B35A6B /* Preview Assets.xcassets */ = {isa = PBXFileReference; lastKnownFileType = folder.assetcatalog; path = "Preview Assets.xcassets"; sourceTree = "<group>"; };
		0408EA9D2A8E59AC00B35A6B /* OnlineGroceriesTests.xctest */ = {isa = PBXFileReference; explicitFileType = wrapper.cfbundle; includeInIndex = 0; path = OnlineGroceriesTests.xctest; sourceTree = BUILT_PRODUCTS_DIR; };
		0408EAA12A8E59AC00B35A6B /* OnlineGroceriesTests.swift */ = {isa = PBXFileReference; lastKnownFileType = sourcecode.swift; path = OnlineGroceriesTests.swift; sourceTree = "<group>"; };
		0408EAA72A8E59AC00B35A6B /* OnlineGroceriesUITests.xctest */ = {isa = PBXFileReference; explicitFileType = wrapper.cfbundle; includeInIndex = 0; path = OnlineGroceriesUITests.xctest; sourceTree = BUILT_PRODUCTS_DIR; };
		0408EAAB2A8E59AC00B35A6B /* OnlineGroceriesUITests.swift */ = {isa = PBXFileReference; lastKnownFileType = sourcecode.swift; path = OnlineGroceriesUITests.swift; sourceTree = "<group>"; };
		0408EAAD2A8E59AC00B35A6B /* OnlineGroceriesUITestsLaunchTests.swift */ = {isa = PBXFileReference; lastKnownFileType = sourcecode.swift; path = OnlineGroceriesUITestsLaunchTests.swift; sourceTree = "<group>"; };
		0408EABC2A8E5C1600B35A6B /* Metropolis-ExtraBold.otf */ = {isa = PBXFileReference; lastKnownFileType = file; path = "Metropolis-ExtraBold.otf"; sourceTree = "<group>"; };
		0408EABD2A8E5C1600B35A6B /* Metropolis-Medium.otf */ = {isa = PBXFileReference; lastKnownFileType = file; path = "Metropolis-Medium.otf"; sourceTree = "<group>"; };
		0408EABE2A8E5C1600B35A6B /* Metropolis-Bold.otf */ = {isa = PBXFileReference; lastKnownFileType = file; path = "Metropolis-Bold.otf"; sourceTree = "<group>"; };
		0408EABF2A8E5C1600B35A6B /* Metropolis-SemiBold.otf */ = {isa = PBXFileReference; lastKnownFileType = file; path = "Metropolis-SemiBold.otf"; sourceTree = "<group>"; };
		0408EAC02A8E5C1600B35A6B /* Metropolis-Regular.otf */ = {isa = PBXFileReference; lastKnownFileType = file; path = "Metropolis-Regular.otf"; sourceTree = "<group>"; };
		0408EAC62A8E5E9700B35A6B /* Info.plist */ = {isa = PBXFileReference; lastKnownFileType = text.plist; path = Info.plist; sourceTree = "<group>"; };
		0408EACC2A8E7B2700B35A6B /* WelcomeView.swift */ = {isa = PBXFileReference; lastKnownFileType = sourcecode.swift; path = WelcomeView.swift; sourceTree = "<group>"; };
		0408EACE2A8E7C4100B35A6B /* Launch Screen.storyboard */ = {isa = PBXFileReference; lastKnownFileType = file.storyboard; path = "Launch Screen.storyboard"; sourceTree = "<group>"; };
		0408EAD22A8E91F900B35A6B /* UIExtension.swift */ = {isa = PBXFileReference; lastKnownFileType = sourcecode.swift; path = UIExtension.swift; sourceTree = "<group>"; };
		0408EAD42A8F198400B35A6B /* RoundButton.swift */ = {isa = PBXFileReference; lastKnownFileType = sourcecode.swift; path = RoundButton.swift; sourceTree = "<group>"; };
		0408EAD62A8F1DE600B35A6B /* SignInView.swift */ = {isa = PBXFileReference; lastKnownFileType = sourcecode.swift; path = SignInView.swift; sourceTree = "<group>"; };
		04AFAAFF2A8FC345000F802D /* CountryPickerUI.swift */ = {isa = PBXFileReference; lastKnownFileType = sourcecode.swift; path = CountryPickerUI.swift; sourceTree = "<group>"; };
		04AFAB032A8FFAE0000F802D /* LoginView.swift */ = {isa = PBXFileReference; lastKnownFileType = sourcecode.swift; path = LoginView.swift; sourceTree = "<group>"; };
/* End PBXFileReference section */

/* Begin PBXFrameworksBuildPhase section */
		0408EA842A8E59AA00B35A6B /* Frameworks */ = {
			isa = PBXFrameworksBuildPhase;
			buildActionMask = 2147483647;
			files = (
				04AFAAFE2A8FC30D000F802D /* CountryPicker in Frameworks */,
			);
			runOnlyForDeploymentPostprocessing = 0;
		};
		0408EA9A2A8E59AC00B35A6B /* Frameworks */ = {
			isa = PBXFrameworksBuildPhase;
			buildActionMask = 2147483647;
			files = (
			);
			runOnlyForDeploymentPostprocessing = 0;
		};
		0408EAA42A8E59AC00B35A6B /* Frameworks */ = {
			isa = PBXFrameworksBuildPhase;
			buildActionMask = 2147483647;
			files = (
			);
			runOnlyForDeploymentPostprocessing = 0;
		};
/* End PBXFrameworksBuildPhase section */

/* Begin PBXGroup section */
		0408EA7E2A8E59AA00B35A6B = {
			isa = PBXGroup;
			children = (
				0408EA892A8E59AA00B35A6B /* OnlineGroceries */,
				0408EAA02A8E59AC00B35A6B /* OnlineGroceriesTests */,
				0408EAAA2A8E59AC00B35A6B /* OnlineGroceriesUITests */,
				0408EA882A8E59AA00B35A6B /* Products */,
			);
			sourceTree = "<group>";
		};
		0408EA882A8E59AA00B35A6B /* Products */ = {
			isa = PBXGroup;
			children = (
				0408EA872A8E59AA00B35A6B /* OnlineGroceries.app */,
				0408EA9D2A8E59AC00B35A6B /* OnlineGroceriesTests.xctest */,
				0408EAA72A8E59AC00B35A6B /* OnlineGroceriesUITests.xctest */,
			);
			name = Products;
			sourceTree = "<group>";
		};
		0408EA892A8E59AA00B35A6B /* OnlineGroceries */ = {
			isa = PBXGroup;
			children = (
				0408EACA2A8E7AA400B35A6B /* UICommon */,
				0408EAC92A8E794F00B35A6B /* ViewModel */,
				0408EAC82A8E793E00B35A6B /* Model */,
				0408EAC72A8E792E00B35A6B /* View */,
				0408EAC62A8E5E9700B35A6B /* Info.plist */,
				0408EABB2A8E5B7B00B35A6B /* Font */,
				0408EA8A2A8E59AA00B35A6B /* OnlineGroceriesApp.swift */,
				0408EA932A8E59AC00B35A6B /* Assets.xcassets */,
				0408EA952A8E59AC00B35A6B /* OnlineGroceries.entitlements */,
				0408EA8E2A8E59AA00B35A6B /* OnlineGroceries.xcdatamodeld */,
				0408EA962A8E59AC00B35A6B /* Preview Content */,
				0408EACE2A8E7C4100B35A6B /* Launch Screen.storyboard */,
			);
			path = OnlineGroceries;
			sourceTree = "<group>";
		};
		0408EA962A8E59AC00B35A6B /* Preview Content */ = {
			isa = PBXGroup;
			children = (
				0408EA972A8E59AC00B35A6B /* Preview Assets.xcassets */,
			);
			path = "Preview Content";
			sourceTree = "<group>";
		};
		0408EAA02A8E59AC00B35A6B /* OnlineGroceriesTests */ = {
			isa = PBXGroup;
			children = (
				0408EAA12A8E59AC00B35A6B /* OnlineGroceriesTests.swift */,
			);
			path = OnlineGroceriesTests;
			sourceTree = "<group>";
		};
		0408EAAA2A8E59AC00B35A6B /* OnlineGroceriesUITests */ = {
			isa = PBXGroup;
			children = (
				0408EAAB2A8E59AC00B35A6B /* OnlineGroceriesUITests.swift */,
				0408EAAD2A8E59AC00B35A6B /* OnlineGroceriesUITestsLaunchTests.swift */,
			);
			path = OnlineGroceriesUITests;
			sourceTree = "<group>";
		};
		0408EABB2A8E5B7B00B35A6B /* Font */ = {
			isa = PBXGroup;
			children = (
				0408EABE2A8E5C1600B35A6B /* Metropolis-Bold.otf */,
				0408EABC2A8E5C1600B35A6B /* Metropolis-ExtraBold.otf */,
				0408EABD2A8E5C1600B35A6B /* Metropolis-Medium.otf */,
				0408EAC02A8E5C1600B35A6B /* Metropolis-Regular.otf */,
				0408EABF2A8E5C1600B35A6B /* Metropolis-SemiBold.otf */,
			);
			path = Font;
			sourceTree = "<group>";
		};
		0408EAC72A8E792E00B35A6B /* View */ = {
			isa = PBXGroup;
			children = (
				0408EACB2A8E7B0100B35A6B /* Login */,
			);
			path = View;
			sourceTree = "<group>";
		};
		0408EAC82A8E793E00B35A6B /* Model */ = {
			isa = PBXGroup;
			children = (
			);
			path = Model;
			sourceTree = "<group>";
		};
		0408EAC92A8E794F00B35A6B /* ViewModel */ = {
			isa = PBXGroup;
			children = (
			);
			path = ViewModel;
			sourceTree = "<group>";
		};
		0408EACA2A8E7AA400B35A6B /* UICommon */ = {
			isa = PBXGroup;
			children = (
				0408EAD22A8E91F900B35A6B /* UIExtension.swift */,
				0408EAD42A8F198400B35A6B /* RoundButton.swift */,
				04AFAAFF2A8FC345000F802D /* CountryPickerUI.swift */,
			);
			path = UICommon;
			sourceTree = "<group>";
		};
		0408EACB2A8E7B0100B35A6B /* Login */ = {
			isa = PBXGroup;
			children = (
				0408EACC2A8E7B2700B35A6B /* WelcomeView.swift */,
				0408EAD62A8F1DE600B35A6B /* SignInView.swift */,
				04AFAB032A8FFAE0000F802D /* LoginView.swift */,
			);
			path = Login;
			sourceTree = "<group>";
		};
/* End PBXGroup section */

/* Begin PBXNativeTarget section */
		0408EA862A8E59AA00B35A6B /* OnlineGroceries */ = {
			isa = PBXNativeTarget;
			buildConfigurationList = 0408EAB12A8E59AC00B35A6B /* Build configuration list for PBXNativeTarget "OnlineGroceries" */;
			buildPhases = (
				0408EA832A8E59AA00B35A6B /* Sources */,
				0408EA842A8E59AA00B35A6B /* Frameworks */,
				0408EA852A8E59AA00B35A6B /* Resources */,
			);
			buildRules = (
			);
			dependencies = (
			);
			name = OnlineGroceries;
			packageProductDependencies = (
				04AFAAFD2A8FC30D000F802D /* CountryPicker */,
			);
			productName = OnlineGroceries;
			productReference = 0408EA872A8E59AA00B35A6B /* OnlineGroceries.app */;
			productType = "com.apple.product-type.application";
		};
		0408EA9C2A8E59AC00B35A6B /* OnlineGroceriesTests */ = {
			isa = PBXNativeTarget;
			buildConfigurationList = 0408EAB42A8E59AC00B35A6B /* Build configuration list for PBXNativeTarget "OnlineGroceriesTests" */;
			buildPhases = (
				0408EA992A8E59AC00B35A6B /* Sources */,
				0408EA9A2A8E59AC00B35A6B /* Frameworks */,
				0408EA9B2A8E59AC00B35A6B /* Resources */,
			);
			buildRules = (
			);
			dependencies = (
				0408EA9F2A8E59AC00B35A6B /* PBXTargetDependency */,
			);
			name = OnlineGroceriesTests;
			productName = OnlineGroceriesTests;
			productReference = 0408EA9D2A8E59AC00B35A6B /* OnlineGroceriesTests.xctest */;
			productType = "com.apple.product-type.bundle.unit-test";
		};
		0408EAA62A8E59AC00B35A6B /* OnlineGroceriesUITests */ = {
			isa = PBXNativeTarget;
			buildConfigurationList = 0408EAB72A8E59AC00B35A6B /* Build configuration list for PBXNativeTarget "OnlineGroceriesUITests" */;
			buildPhases = (
				0408EAA32A8E59AC00B35A6B /* Sources */,
				0408EAA42A8E59AC00B35A6B /* Frameworks */,
				0408EAA52A8E59AC00B35A6B /* Resources */,
			);
			buildRules = (
			);
			dependencies = (
				0408EAA92A8E59AC00B35A6B /* PBXTargetDependency */,
			);
			name = OnlineGroceriesUITests;
			productName = OnlineGroceriesUITests;
			productReference = 0408EAA72A8E59AC00B35A6B /* OnlineGroceriesUITests.xctest */;
			productType = "com.apple.product-type.bundle.ui-testing";
		};
/* End PBXNativeTarget section */

/* Begin PBXProject section */
		0408EA7F2A8E59AA00B35A6B /* Project object */ = {
			isa = PBXProject;
			attributes = {
				BuildIndependentTargetsInParallel = 1;
				LastSwiftUpdateCheck = 1430;
				LastUpgradeCheck = 1430;
				TargetAttributes = {
					0408EA862A8E59AA00B35A6B = {
						CreatedOnToolsVersion = 14.3.1;
					};
					0408EA9C2A8E59AC00B35A6B = {
						CreatedOnToolsVersion = 14.3.1;
						TestTargetID = 0408EA862A8E59AA00B35A6B;
					};
					0408EAA62A8E59AC00B35A6B = {
						CreatedOnToolsVersion = 14.3.1;
						TestTargetID = 0408EA862A8E59AA00B35A6B;
					};
				};
			};
			buildConfigurationList = 0408EA822A8E59AA00B35A6B /* Build configuration list for PBXProject "OnlineGroceries" */;
			compatibilityVersion = "Xcode 14.0";
			developmentRegion = en;
			hasScannedForEncodings = 0;
			knownRegions = (
				en,
				Base,
			);
			mainGroup = 0408EA7E2A8E59AA00B35A6B;
			packageReferences = (
				04AFAAFC2A8FC30D000F802D /* XCRemoteSwiftPackageReference "CountryPicker" */,
			);
			productRefGroup = 0408EA882A8E59AA00B35A6B /* Products */;
			projectDirPath = "";
			projectRoot = "";
			targets = (
				0408EA862A8E59AA00B35A6B /* OnlineGroceries */,
				0408EA9C2A8E59AC00B35A6B /* OnlineGroceriesTests */,
				0408EAA62A8E59AC00B35A6B /* OnlineGroceriesUITests */,
			);
		};
/* End PBXProject section */

/* Begin PBXResourcesBuildPhase section */
		0408EA852A8E59AA00B35A6B /* Resources */ = {
			isa = PBXResourcesBuildPhase;
			buildActionMask = 2147483647;
			files = (
				0408EAC32A8E5C1600B35A6B /* Metropolis-Bold.otf in Resources */,
				0408EAC22A8E5C1600B35A6B /* Metropolis-Medium.otf in Resources */,
				0408EACF2A8E7C4100B35A6B /* Launch Screen.storyboard in Resources */,
				0408EA982A8E59AC00B35A6B /* Preview Assets.xcassets in Resources */,
				0408EAC52A8E5C1600B35A6B /* Metropolis-Regular.otf in Resources */,
				0408EA942A8E59AC00B35A6B /* Assets.xcassets in Resources */,
				0408EAC42A8E5C1600B35A6B /* Metropolis-SemiBold.otf in Resources */,
				0408EAC12A8E5C1600B35A6B /* Metropolis-ExtraBold.otf in Resources */,
			);
			runOnlyForDeploymentPostprocessing = 0;
		};
		0408EA9B2A8E59AC00B35A6B /* Resources */ = {
			isa = PBXResourcesBuildPhase;
			buildActionMask = 2147483647;
			files = (
			);
			runOnlyForDeploymentPostprocessing = 0;
		};
		0408EAA52A8E59AC00B35A6B /* Resources */ = {
			isa = PBXResourcesBuildPhase;
			buildActionMask = 2147483647;
			files = (
			);
			runOnlyForDeploymentPostprocessing = 0;
		};
/* End PBXResourcesBuildPhase section */

/* Begin PBXSourcesBuildPhase section */
		0408EA832A8E59AA00B35A6B /* Sources */ = {
			isa = PBXSourcesBuildPhase;
			buildActionMask = 2147483647;
			files = (
				04AFAB002A8FC345000F802D /* CountryPickerUI.swift in Sources */,
				0408EAD72A8F1DE600B35A6B /* SignInView.swift in Sources */,
				0408EA8B2A8E59AA00B35A6B /* OnlineGroceriesApp.swift in Sources */,
				0408EAD52A8F198400B35A6B /* RoundButton.swift in Sources */,
				0408EACD2A8E7B2700B35A6B /* WelcomeView.swift in Sources */,
				0408EA902A8E59AA00B35A6B /* OnlineGroceries.xcdatamodeld in Sources */,
				04AFAB042A8FFAE0000F802D /* LoginView.swift in Sources */,
				0408EAD32A8E91F900B35A6B /* UIExtension.swift in Sources */,
			);
			runOnlyForDeploymentPostprocessing = 0;
		};
		0408EA992A8E59AC00B35A6B /* Sources */ = {
			isa = PBXSourcesBuildPhase;
			buildActionMask = 2147483647;
			files = (
				0408EAA22A8E59AC00B35A6B /* OnlineGroceriesTests.swift in Sources */,
			);
			runOnlyForDeploymentPostprocessing = 0;
		};
		0408EAA32A8E59AC00B35A6B /* Sources */ = {
			isa = PBXSourcesBuildPhase;
			buildActionMask = 2147483647;
			files = (
				0408EAAC2A8E59AC00B35A6B /* OnlineGroceriesUITests.swift in Sources */,
				0408EAAE2A8E59AC00B35A6B /* OnlineGroceriesUITestsLaunchTests.swift in Sources */,
			);
			runOnlyForDeploymentPostprocessing = 0;
		};
/* End PBXSourcesBuildPhase section */

/* Begin PBXTargetDependency section */
		0408EA9F2A8E59AC00B35A6B /* PBXTargetDependency */ = {
			isa = PBXTargetDependency;
			target = 0408EA862A8E59AA00B35A6B /* OnlineGroceries */;
			targetProxy = 0408EA9E2A8E59AC00B35A6B /* PBXContainerItemProxy */;
		};
		0408EAA92A8E59AC00B35A6B /* PBXTargetDependency */ = {
			isa = PBXTargetDependency;
			target = 0408EA862A8E59AA00B35A6B /* OnlineGroceries */;
			targetProxy = 0408EAA82A8E59AC00B35A6B /* PBXContainerItemProxy */;
		};
/* End PBXTargetDependency section */

/* Begin XCBuildConfiguration section */
		0408EAAF2A8E59AC00B35A6B /* Debug */ = {
			isa = XCBuildConfiguration;
			buildSettings = {
				ALWAYS_SEARCH_USER_PATHS = NO;
				CLANG_ANALYZER_NONNULL = YES;
				CLANG_ANALYZER_NUMBER_OBJECT_CONVERSION = YES_AGGRESSIVE;
				CLANG_CXX_LANGUAGE_STANDARD = "gnu++20";
				CLANG_ENABLE_MODULES = YES;
				CLANG_ENABLE_OBJC_ARC = YES;
				CLANG_ENABLE_OBJC_WEAK = YES;
				CLANG_WARN_BLOCK_CAPTURE_AUTORELEASING = YES;
				CLANG_WARN_BOOL_CONVERSION = YES;
				CLANG_WARN_COMMA = YES;
				CLANG_WARN_CONSTANT_CONVERSION = YES;
				CLANG_WARN_DEPRECATED_OBJC_IMPLEMENTATIONS = YES;
				CLANG_WARN_DIRECT_OBJC_ISA_USAGE = YES_ERROR;
				CLANG_WARN_DOCUMENTATION_COMMENTS = YES;
				CLANG_WARN_EMPTY_BODY = YES;
				CLANG_WARN_ENUM_CONVERSION = YES;
				CLANG_WARN_INFINITE_RECURSION = YES;
				CLANG_WARN_INT_CONVERSION = YES;
				CLANG_WARN_NON_LITERAL_NULL_CONVERSION = YES;
				CLANG_WARN_OBJC_IMPLICIT_RETAIN_SELF = YES;
				CLANG_WARN_OBJC_LITERAL_CONVERSION = YES;
				CLANG_WARN_OBJC_ROOT_CLASS = YES_ERROR;
				CLANG_WARN_QUOTED_INCLUDE_IN_FRAMEWORK_HEADER = YES;
				CLANG_WARN_RANGE_LOOP_ANALYSIS = YES;
				CLANG_WARN_STRICT_PROTOTYPES = YES;
				CLANG_WARN_SUSPICIOUS_MOVE = YES;
				CLANG_WARN_UNGUARDED_AVAILABILITY = YES_AGGRESSIVE;
				CLANG_WARN_UNREACHABLE_CODE = YES;
				CLANG_WARN__DUPLICATE_METHOD_MATCH = YES;
				COPY_PHASE_STRIP = NO;
				DEBUG_INFORMATION_FORMAT = dwarf;
				ENABLE_STRICT_OBJC_MSGSEND = YES;
				ENABLE_TESTABILITY = YES;
				GCC_C_LANGUAGE_STANDARD = gnu11;
				GCC_DYNAMIC_NO_PIC = NO;
				GCC_NO_COMMON_BLOCKS = YES;
				GCC_OPTIMIZATION_LEVEL = 0;
				GCC_PREPROCESSOR_DEFINITIONS = (
					"DEBUG=1",
					"$(inherited)",
				);
				GCC_WARN_64_TO_32_BIT_CONVERSION = YES;
				GCC_WARN_ABOUT_RETURN_TYPE = YES_ERROR;
				GCC_WARN_UNDECLARED_SELECTOR = YES;
				GCC_WARN_UNINITIALIZED_AUTOS = YES_AGGRESSIVE;
				GCC_WARN_UNUSED_FUNCTION = YES;
				GCC_WARN_UNUSED_VARIABLE = YES;
				MTL_ENABLE_DEBUG_INFO = INCLUDE_SOURCE;
				MTL_FAST_MATH = YES;
				ONLY_ACTIVE_ARCH = YES;
				SWIFT_ACTIVE_COMPILATION_CONDITIONS = DEBUG;
				SWIFT_OPTIMIZATION_LEVEL = "-Onone";
			};
			name = Debug;
		};
		0408EAB02A8E59AC00B35A6B /* Release */ = {
			isa = XCBuildConfiguration;
			buildSettings = {
				ALWAYS_SEARCH_USER_PATHS = NO;
				CLANG_ANALYZER_NONNULL = YES;
				CLANG_ANALYZER_NUMBER_OBJECT_CONVERSION = YES_AGGRESSIVE;
				CLANG_CXX_LANGUAGE_STANDARD = "gnu++20";
				CLANG_ENABLE_MODULES = YES;
				CLANG_ENABLE_OBJC_ARC = YES;
				CLANG_ENABLE_OBJC_WEAK = YES;
				CLANG_WARN_BLOCK_CAPTURE_AUTORELEASING = YES;
				CLANG_WARN_BOOL_CONVERSION = YES;
				CLANG_WARN_COMMA = YES;
				CLANG_WARN_CONSTANT_CONVERSION = YES;
				CLANG_WARN_DEPRECATED_OBJC_IMPLEMENTATIONS = YES;
				CLANG_WARN_DIRECT_OBJC_ISA_USAGE = YES_ERROR;
				CLANG_WARN_DOCUMENTATION_COMMENTS = YES;
				CLANG_WARN_EMPTY_BODY = YES;
				CLANG_WARN_ENUM_CONVERSION = YES;
				CLANG_WARN_INFINITE_RECURSION = YES;
				CLANG_WARN_INT_CONVERSION = YES;
				CLANG_WARN_NON_LITERAL_NULL_CONVERSION = YES;
				CLANG_WARN_OBJC_IMPLICIT_RETAIN_SELF = YES;
				CLANG_WARN_OBJC_LITERAL_CONVERSION = YES;
				CLANG_WARN_OBJC_ROOT_CLASS = YES_ERROR;
				CLANG_WARN_QUOTED_INCLUDE_IN_FRAMEWORK_HEADER = YES;
				CLANG_WARN_RANGE_LOOP_ANALYSIS = YES;
				CLANG_WARN_STRICT_PROTOTYPES = YES;
				CLANG_WARN_SUSPICIOUS_MOVE = YES;
				CLANG_WARN_UNGUARDED_AVAILABILITY = YES_AGGRESSIVE;
				CLANG_WARN_UNREACHABLE_CODE = YES;
				CLANG_WARN__DUPLICATE_METHOD_MATCH = YES;
				COPY_PHASE_STRIP = NO;
				DEBUG_INFORMATION_FORMAT = "dwarf-with-dsym";
				ENABLE_NS_ASSERTIONS = NO;
				ENABLE_STRICT_OBJC_MSGSEND = YES;
				GCC_C_LANGUAGE_STANDARD = gnu11;
				GCC_NO_COMMON_BLOCKS = YES;
				GCC_WARN_64_TO_32_BIT_CONVERSION = YES;
				GCC_WARN_ABOUT_RETURN_TYPE = YES_ERROR;
				GCC_WARN_UNDECLARED_SELECTOR = YES;
				GCC_WARN_UNINITIALIZED_AUTOS = YES_AGGRESSIVE;
				GCC_WARN_UNUSED_FUNCTION = YES;
				GCC_WARN_UNUSED_VARIABLE = YES;
				MTL_ENABLE_DEBUG_INFO = NO;
				MTL_FAST_MATH = YES;
				SWIFT_COMPILATION_MODE = wholemodule;
				SWIFT_OPTIMIZATION_LEVEL = "-O";
			};
			name = Release;
		};
		0408EAB22A8E59AC00B35A6B /* Debug */ = {
			isa = XCBuildConfiguration;
			buildSettings = {
				ASSETCATALOG_COMPILER_APPICON_NAME = AppIcon;
				ASSETCATALOG_COMPILER_GLOBAL_ACCENT_COLOR_NAME = AccentColor;
				CODE_SIGN_ENTITLEMENTS = OnlineGroceries/OnlineGroceries.entitlements;
				CODE_SIGN_STYLE = Automatic;
				CURRENT_PROJECT_VERSION = 1;
				DEVELOPMENT_ASSET_PATHS = "\"OnlineGroceries/Preview Content\"";
				DEVELOPMENT_TEAM = AYBK57X933;
				ENABLE_HARDENED_RUNTIME = YES;
				ENABLE_PREVIEWS = YES;
				GENERATE_INFOPLIST_FILE = YES;
				INFOPLIST_FILE = OnlineGroceries/Info.plist;
				"INFOPLIST_KEY_UIApplicationSceneManifest_Generation[sdk=iphoneos*]" = YES;
				"INFOPLIST_KEY_UIApplicationSceneManifest_Generation[sdk=iphonesimulator*]" = YES;
				"INFOPLIST_KEY_UIApplicationSupportsIndirectInputEvents[sdk=iphoneos*]" = YES;
				"INFOPLIST_KEY_UIApplicationSupportsIndirectInputEvents[sdk=iphonesimulator*]" = YES;
				"INFOPLIST_KEY_UILaunchScreen_Generation[sdk=iphoneos*]" = YES;
				"INFOPLIST_KEY_UILaunchScreen_Generation[sdk=iphonesimulator*]" = YES;
				INFOPLIST_KEY_UILaunchStoryboardName = "Launch Screen.storyboard";
				INFOPLIST_KEY_UIStatusBarHidden = YES;
				"INFOPLIST_KEY_UIStatusBarStyle[sdk=iphoneos*]" = UIStatusBarStyleDefault;
				"INFOPLIST_KEY_UIStatusBarStyle[sdk=iphonesimulator*]" = UIStatusBarStyleDefault;
				INFOPLIST_KEY_UISupportedInterfaceOrientations = UIInterfaceOrientationPortrait;
				INFOPLIST_KEY_UISupportedInterfaceOrientations_iPad = "UIInterfaceOrientationLandscapeLeft UIInterfaceOrientationLandscapeRight UIInterfaceOrientationPortrait UIInterfaceOrientationPortraitUpsideDown";
				IPHONEOS_DEPLOYMENT_TARGET = 16.4;
				LD_RUNPATH_SEARCH_PATHS = "@executable_path/Frameworks";
				"LD_RUNPATH_SEARCH_PATHS[sdk=macosx*]" = "@executable_path/../Frameworks";
				MACOSX_DEPLOYMENT_TARGET = 13.3;
				MARKETING_VERSION = 1.0;
				PRODUCT_BUNDLE_IDENTIFIER = "Grand-Quality-Technology.OnlineGroceries";
				PRODUCT_NAME = "$(TARGET_NAME)";
				SDKROOT = auto;
				SUPPORTED_PLATFORMS = "iphoneos iphonesimulator";
				SUPPORTS_MACCATALYST = NO;
				SUPPORTS_MAC_DESIGNED_FOR_IPHONE_IPAD = NO;
				SWIFT_EMIT_LOC_STRINGS = YES;
				SWIFT_VERSION = 5.0;
				TARGETED_DEVICE_FAMILY = 1;
			};
			name = Debug;
		};
		0408EAB32A8E59AC00B35A6B /* Release */ = {
			isa = XCBuildConfiguration;
			buildSettings = {
				ASSETCATALOG_COMPILER_APPICON_NAME = AppIcon;
				ASSETCATALOG_COMPILER_GLOBAL_ACCENT_COLOR_NAME = AccentColor;
				CODE_SIGN_ENTITLEMENTS = OnlineGroceries/OnlineGroceries.entitlements;
				CODE_SIGN_STYLE = Automatic;
				CURRENT_PROJECT_VERSION = 1;
				DEVELOPMENT_ASSET_PATHS = "\"OnlineGroceries/Preview Content\"";
				DEVELOPMENT_TEAM = AYBK57X933;
				ENABLE_HARDENED_RUNTIME = YES;
				ENABLE_PREVIEWS = YES;
				GENERATE_INFOPLIST_FILE = YES;
				INFOPLIST_FILE = OnlineGroceries/Info.plist;
				"INFOPLIST_KEY_UIApplicationSceneManifest_Generation[sdk=iphoneos*]" = YES;
				"INFOPLIST_KEY_UIApplicationSceneManifest_Generation[sdk=iphonesimulator*]" = YES;
				"INFOPLIST_KEY_UIApplicationSupportsIndirectInputEvents[sdk=iphoneos*]" = YES;
				"INFOPLIST_KEY_UIApplicationSupportsIndirectInputEvents[sdk=iphonesimulator*]" = YES;
				"INFOPLIST_KEY_UILaunchScreen_Generation[sdk=iphoneos*]" = YES;
				"INFOPLIST_KEY_UILaunchScreen_Generation[sdk=iphonesimulator*]" = YES;
				INFOPLIST_KEY_UILaunchStoryboardName = "Launch Screen.storyboard";
				INFOPLIST_KEY_UIStatusBarHidden = YES;
				"INFOPLIST_KEY_UIStatusBarStyle[sdk=iphoneos*]" = UIStatusBarStyleDefault;
				"INFOPLIST_KEY_UIStatusBarStyle[sdk=iphonesimulator*]" = UIStatusBarStyleDefault;
				INFOPLIST_KEY_UISupportedInterfaceOrientations = UIInterfaceOrientationPortrait;
				INFOPLIST_KEY_UISupportedInterfaceOrientations_iPad = "UIInterfaceOrientationLandscapeLeft UIInterfaceOrientationLandscapeRight UIInterfaceOrientationPortrait UIInterfaceOrientationPortraitUpsideDown";
				IPHONEOS_DEPLOYMENT_TARGET = 16.4;
				LD_RUNPATH_SEARCH_PATHS = "@executable_path/Frameworks";
				"LD_RUNPATH_SEARCH_PATHS[sdk=macosx*]" = "@executable_path/../Frameworks";
				MACOSX_DEPLOYMENT_TARGET = 13.3;
				MARKETING_VERSION = 1.0;
				PRODUCT_BUNDLE_IDENTIFIER = "Grand-Quality-Technology.OnlineGroceries";
				PRODUCT_NAME = "$(TARGET_NAME)";
				SDKROOT = auto;
				SUPPORTED_PLATFORMS = "iphoneos iphonesimulator";
				SUPPORTS_MACCATALYST = NO;
				SUPPORTS_MAC_DESIGNED_FOR_IPHONE_IPAD = NO;
				SWIFT_EMIT_LOC_STRINGS = YES;
				SWIFT_VERSION = 5.0;
				TARGETED_DEVICE_FAMILY = 1;
			};
			name = Release;
		};
		0408EAB52A8E59AC00B35A6B /* Debug */ = {
			isa = XCBuildConfiguration;
			buildSettings = {
				ALWAYS_EMBED_SWIFT_STANDARD_LIBRARIES = YES;
				BUNDLE_LOADER = "$(TEST_HOST)";
				CODE_SIGN_STYLE = Automatic;
				CURRENT_PROJECT_VERSION = 1;
				DEVELOPMENT_TEAM = AYBK57X933;
				GENERATE_INFOPLIST_FILE = YES;
				IPHONEOS_DEPLOYMENT_TARGET = 16.4;
				MACOSX_DEPLOYMENT_TARGET = 13.3;
				MARKETING_VERSION = 1.0;
				PRODUCT_BUNDLE_IDENTIFIER = "Grand-Quality-Technology.OnlineGroceriesTests";
				PRODUCT_NAME = "$(TARGET_NAME)";
				SDKROOT = auto;
				SUPPORTED_PLATFORMS = "iphoneos iphonesimulator macosx";
				SWIFT_EMIT_LOC_STRINGS = NO;
				SWIFT_VERSION = 5.0;
				TARGETED_DEVICE_FAMILY = "1,2";
				TEST_HOST = "$(BUILT_PRODUCTS_DIR)/OnlineGroceries.app/$(BUNDLE_EXECUTABLE_FOLDER_PATH)/OnlineGroceries";
			};
			name = Debug;
		};
		0408EAB62A8E59AC00B35A6B /* Release */ = {
			isa = XCBuildConfiguration;
			buildSettings = {
				ALWAYS_EMBED_SWIFT_STANDARD_LIBRARIES = YES;
				BUNDLE_LOADER = "$(TEST_HOST)";
				CODE_SIGN_STYLE = Automatic;
				CURRENT_PROJECT_VERSION = 1;
				DEVELOPMENT_TEAM = AYBK57X933;
				GENERATE_INFOPLIST_FILE = YES;
				IPHONEOS_DEPLOYMENT_TARGET = 16.4;
				MACOSX_DEPLOYMENT_TARGET = 13.3;
				MARKETING_VERSION = 1.0;
				PRODUCT_BUNDLE_IDENTIFIER = "Grand-Quality-Technology.OnlineGroceriesTests";
				PRODUCT_NAME = "$(TARGET_NAME)";
				SDKROOT = auto;
				SUPPORTED_PLATFORMS = "iphoneos iphonesimulator macosx";
				SWIFT_EMIT_LOC_STRINGS = NO;
				SWIFT_VERSION = 5.0;
				TARGETED_DEVICE_FAMILY = "1,2";
				TEST_HOST = "$(BUILT_PRODUCTS_DIR)/OnlineGroceries.app/$(BUNDLE_EXECUTABLE_FOLDER_PATH)/OnlineGroceries";
			};
			name = Release;
		};
		0408EAB82A8E59AC00B35A6B /* Debug */ = {
			isa = XCBuildConfiguration;
			buildSettings = {
				ALWAYS_EMBED_SWIFT_STANDARD_LIBRARIES = YES;
				CODE_SIGN_STYLE = Automatic;
				CURRENT_PROJECT_VERSION = 1;
				DEVELOPMENT_TEAM = AYBK57X933;
				GENERATE_INFOPLIST_FILE = YES;
				IPHONEOS_DEPLOYMENT_TARGET = 16.4;
				MACOSX_DEPLOYMENT_TARGET = 13.3;
				MARKETING_VERSION = 1.0;
				PRODUCT_BUNDLE_IDENTIFIER = "Grand-Quality-Technology.OnlineGroceriesUITests";
				PRODUCT_NAME = "$(TARGET_NAME)";
				SDKROOT = auto;
				SUPPORTED_PLATFORMS = "iphoneos iphonesimulator macosx";
				SWIFT_EMIT_LOC_STRINGS = NO;
				SWIFT_VERSION = 5.0;
				TARGETED_DEVICE_FAMILY = "1,2";
				TEST_TARGET_NAME = OnlineGroceries;
			};
			name = Debug;
		};
		0408EAB92A8E59AC00B35A6B /* Release */ = {
			isa = XCBuildConfiguration;
			buildSettings = {
				ALWAYS_EMBED_SWIFT_STANDARD_LIBRARIES = YES;
				CODE_SIGN_STYLE = Automatic;
				CURRENT_PROJECT_VERSION = 1;
				DEVELOPMENT_TEAM = AYBK57X933;
				GENERATE_INFOPLIST_FILE = YES;
				IPHONEOS_DEPLOYMENT_TARGET = 16.4;
				MACOSX_DEPLOYMENT_TARGET = 13.3;
				MARKETING_VERSION = 1.0;
				PRODUCT_BUNDLE_IDENTIFIER = "Grand-Quality-Technology.OnlineGroceriesUITests";
				PRODUCT_NAME = "$(TARGET_NAME)";
				SDKROOT = auto;
				SUPPORTED_PLATFORMS = "iphoneos iphonesimulator macosx";
				SWIFT_EMIT_LOC_STRINGS = NO;
				SWIFT_VERSION = 5.0;
				TARGETED_DEVICE_FAMILY = "1,2";
				TEST_TARGET_NAME = OnlineGroceries;
			};
			name = Release;
		};
/* End XCBuildConfiguration section */

/* Begin XCConfigurationList section */
		0408EA822A8E59AA00B35A6B /* Build configuration list for PBXProject "OnlineGroceries" */ = {
			isa = XCConfigurationList;
			buildConfigurations = (
				0408EAAF2A8E59AC00B35A6B /* Debug */,
				0408EAB02A8E59AC00B35A6B /* Release */,
			);
			defaultConfigurationIsVisible = 0;
			defaultConfigurationName = Release;
		};
		0408EAB12A8E59AC00B35A6B /* Build configuration list for PBXNativeTarget "OnlineGroceries" */ = {
			isa = XCConfigurationList;
			buildConfigurations = (
				0408EAB22A8E59AC00B35A6B /* Debug */,
				0408EAB32A8E59AC00B35A6B /* Release */,
			);
			defaultConfigurationIsVisible = 0;
			defaultConfigurationName = Release;
		};
		0408EAB42A8E59AC00B35A6B /* Build configuration list for PBXNativeTarget "OnlineGroceriesTests" */ = {
			isa = XCConfigurationList;
			buildConfigurations = (
				0408EAB52A8E59AC00B35A6B /* Debug */,
				0408EAB62A8E59AC00B35A6B /* Release */,
			);
			defaultConfigurationIsVisible = 0;
			defaultConfigurationName = Release;
		};
		0408EAB72A8E59AC00B35A6B /* Build configuration list for PBXNativeTarget "OnlineGroceriesUITests" */ = {
			isa = XCConfigurationList;
			buildConfigurations = (
				0408EAB82A8E59AC00B35A6B /* Debug */,
				0408EAB92A8E59AC00B35A6B /* Release */,
			);
			defaultConfigurationIsVisible = 0;
			defaultConfigurationName = Release;
		};
/* End XCConfigurationList section */

/* Begin XCRemoteSwiftPackageReference section */
		04AFAAFC2A8FC30D000F802D /* XCRemoteSwiftPackageReference "CountryPicker" */ = {
			isa = XCRemoteSwiftPackageReference;
			repositoryURL = "https://github.com/mobven/CountryPicker.git";
			requirement = {
				kind = upToNextMajorVersion;
				minimumVersion = 2.0.0;
			};
		};
/* End XCRemoteSwiftPackageReference section */

/* Begin XCSwiftPackageProductDependency section */
		04AFAAFD2A8FC30D000F802D /* CountryPicker */ = {
			isa = XCSwiftPackageProductDependency;
			package = 04AFAAFC2A8FC30D000F802D /* XCRemoteSwiftPackageReference "CountryPicker" */;
			productName = CountryPicker;
		};
/* End XCSwiftPackageProductDependency section */

/* Begin XCVersionGroup section */
		0408EA8E2A8E59AA00B35A6B /* OnlineGroceries.xcdatamodeld */ = {
			isa = XCVersionGroup;
			children = (
				0408EA8F2A8E59AA00B35A6B /* OnlineGroceries.xcdatamodel */,
			);
			currentVersion = 0408EA8F2A8E59AA00B35A6B /* OnlineGroceries.xcdatamodel */;
			path = OnlineGroceries.xcdatamodeld;
			sourceTree = "<group>";
			versionGroupType = wrapper.xcdatamodel;
		};
/* End XCVersionGroup section */
	};
	rootObject = 0408EA7F2A8E59AA00B35A6B /* Project object */;
}
